// !$*UTF8*$!
{
	archiveVersion = 1;
	classes = {
	};
	objectVersion = 55;
	objects = {

/* Begin PBXBuildFile section */
		9C0FD164277325BC0057369C /* SongCell.swift in Sources */ = {isa = PBXBuildFile; fileRef = 9C0FD163277325BC0057369C /* SongCell.swift */; };
		9C0FD166277327100057369C /* AlbumViewController.swift in Sources */ = {isa = PBXBuildFile; fileRef = 9C0FD165277327100057369C /* AlbumViewController.swift */; };
		9C0FD16827737A600057369C /* User.swift in Sources */ = {isa = PBXBuildFile; fileRef = 9C0FD16727737A600057369C /* User.swift */; };
		9C0FD16A27737AA40057369C /* UserService.swift in Sources */ = {isa = PBXBuildFile; fileRef = 9C0FD16927737AA40057369C /* UserService.swift */; };
		9C45A6842774E419008CE2D6 /* AudioService.swift in Sources */ = {isa = PBXBuildFile; fileRef = 9C45A6832774E419008CE2D6 /* AudioService.swift */; };
		9C45A6882774E4AF008CE2D6 /* song-0.mp3 in Resources */ = {isa = PBXBuildFile; fileRef = 9C45A6852774E4AE008CE2D6 /* song-0.mp3 */; };
		9C45A6892774E4AF008CE2D6 /* song-2.mp3 in Resources */ = {isa = PBXBuildFile; fileRef = 9C45A6862774E4AE008CE2D6 /* song-2.mp3 */; };
		9C45A68A2774E4AF008CE2D6 /* song-1.mp3 in Resources */ = {isa = PBXBuildFile; fileRef = 9C45A6872774E4AE008CE2D6 /* song-1.mp3 */; };
		9C45A68D2774EB93008CE2D6 /* SongViewController.swift in Sources */ = {isa = PBXBuildFile; fileRef = 9C45A68C2774EB93008CE2D6 /* SongViewController.swift */; };
		9C45A69027750F75008CE2D6 /* MarqueeLabel in Frameworks */ = {isa = PBXBuildFile; productRef = 9C45A68F27750F75008CE2D6 /* MarqueeLabel */; };
		9C73BDB22770EA3C00BEDB96 /* AppDelegate.swift in Sources */ = {isa = PBXBuildFile; fileRef = 9C73BDB12770EA3C00BEDB96 /* AppDelegate.swift */; };
		9C73BDB42770EA3C00BEDB96 /* SceneDelegate.swift in Sources */ = {isa = PBXBuildFile; fileRef = 9C73BDB32770EA3C00BEDB96 /* SceneDelegate.swift */; };
		9C73BDB92770EA3C00BEDB96 /* Main.storyboard in Resources */ = {isa = PBXBuildFile; fileRef = 9C73BDB72770EA3C00BEDB96 /* Main.storyboard */; };
		9C73BDBB2770EA3D00BEDB96 /* Assets.xcassets in Resources */ = {isa = PBXBuildFile; fileRef = 9C73BDBA2770EA3D00BEDB96 /* Assets.xcassets */; };
		9C73BDBE2770EA3D00BEDB96 /* LaunchScreen.storyboard in Resources */ = {isa = PBXBuildFile; fileRef = 9C73BDBC2770EA3D00BEDB96 /* LaunchScreen.storyboard */; };
		9C73BDCA2770EAE000BEDB96 /* Song.swift in Sources */ = {isa = PBXBuildFile; fileRef = 9C73BDC92770EAE000BEDB96 /* Song.swift */; };
		9C73BDCC2770EB3300BEDB96 /* Album.swift in Sources */ = {isa = PBXBuildFile; fileRef = 9C73BDCB2770EB3300BEDB96 /* Album.swift */; };
		9C73BDCE2770EBBA00BEDB96 /* Category.swift in Sources */ = {isa = PBXBuildFile; fileRef = 9C73BDCD2770EBBA00BEDB96 /* Category.swift */; };
		9C73BDD12770EC7200BEDB96 /* CategoryService.swift in Sources */ = {isa = PBXBuildFile; fileRef = 9C73BDD02770EC7200BEDB96 /* CategoryService.swift */; };
		9C73BDD32770ED0B00BEDB96 /* categories.json in Resources */ = {isa = PBXBuildFile; fileRef = 9C73BDD22770ED0B00BEDB96 /* categories.json */; };
		9C73BDD8277115A900BEDB96 /* CategoryCell.swift in Sources */ = {isa = PBXBuildFile; fileRef = 9C73BDD7277115A900BEDB96 /* CategoryCell.swift */; };
		9C73BDDA277118D900BEDB96 /* AlbumCell.swift in Sources */ = {isa = PBXBuildFile; fileRef = 9C73BDD9277118D900BEDB96 /* AlbumCell.swift */; };
		9C73BDDC27711A3400BEDB96 /* HomeViewController.swift in Sources */ = {isa = PBXBuildFile; fileRef = 9C73BDDB27711A3400BEDB96 /* HomeViewController.swift */; };
		9C73BDDE27711BD900BEDB96 /* Constants.swift in Sources */ = {isa = PBXBuildFile; fileRef = 9C73BDDD27711BD900BEDB96 /* Constants.swift */; };
		9CA1953F27739AD1000974B2 /* UIImageColors in Frameworks */ = {isa = PBXBuildFile; productRef = 9CA1953E27739AD1000974B2 /* UIImageColors */; };
/* End PBXBuildFile section */

/* Begin PBXFileReference section */
		9C0FD163277325BC0057369C /* SongCell.swift */ = {isa = PBXFileReference; lastKnownFileType = sourcecode.swift; path = SongCell.swift; sourceTree = "<group>"; };
		9C0FD165277327100057369C /* AlbumViewController.swift */ = {isa = PBXFileReference; lastKnownFileType = sourcecode.swift; path = AlbumViewController.swift; sourceTree = "<group>"; };
		9C0FD16727737A600057369C /* User.swift */ = {isa = PBXFileReference; lastKnownFileType = sourcecode.swift; path = User.swift; sourceTree = "<group>"; };
		9C0FD16927737AA40057369C /* UserService.swift */ = {isa = PBXFileReference; lastKnownFileType = sourcecode.swift; path = UserService.swift; sourceTree = "<group>"; };
		9C45A6832774E419008CE2D6 /* AudioService.swift */ = {isa = PBXFileReference; lastKnownFileType = sourcecode.swift; path = AudioService.swift; sourceTree = "<group>"; };
		9C45A6852774E4AE008CE2D6 /* song-0.mp3 */ = {isa = PBXFileReference; lastKnownFileType = audio.mp3; path = "song-0.mp3"; sourceTree = "<group>"; };
		9C45A6862774E4AE008CE2D6 /* song-2.mp3 */ = {isa = PBXFileReference; lastKnownFileType = audio.mp3; path = "song-2.mp3"; sourceTree = "<group>"; };
		9C45A6872774E4AE008CE2D6 /* song-1.mp3 */ = {isa = PBXFileReference; lastKnownFileType = audio.mp3; path = "song-1.mp3"; sourceTree = "<group>"; };
		9C45A68C2774EB93008CE2D6 /* SongViewController.swift */ = {isa = PBXFileReference; lastKnownFileType = sourcecode.swift; path = SongViewController.swift; sourceTree = "<group>"; };
		9C73BDAE2770EA3C00BEDB96 /* SpotifyClone.app */ = {isa = PBXFileReference; explicitFileType = wrapper.application; includeInIndex = 0; path = SpotifyClone.app; sourceTree = BUILT_PRODUCTS_DIR; };
		9C73BDB12770EA3C00BEDB96 /* AppDelegate.swift */ = {isa = PBXFileReference; lastKnownFileType = sourcecode.swift; path = AppDelegate.swift; sourceTree = "<group>"; };
		9C73BDB32770EA3C00BEDB96 /* SceneDelegate.swift */ = {isa = PBXFileReference; lastKnownFileType = sourcecode.swift; path = SceneDelegate.swift; sourceTree = "<group>"; };
		9C73BDB82770EA3C00BEDB96 /* Base */ = {isa = PBXFileReference; lastKnownFileType = file.storyboard; name = Base; path = Base.lproj/Main.storyboard; sourceTree = "<group>"; };
		9C73BDBA2770EA3D00BEDB96 /* Assets.xcassets */ = {isa = PBXFileReference; lastKnownFileType = folder.assetcatalog; path = Assets.xcassets; sourceTree = "<group>"; };
		9C73BDBD2770EA3D00BEDB96 /* Base */ = {isa = PBXFileReference; lastKnownFileType = file.storyboard; name = Base; path = Base.lproj/LaunchScreen.storyboard; sourceTree = "<group>"; };
		9C73BDBF2770EA3D00BEDB96 /* Info.plist */ = {isa = PBXFileReference; lastKnownFileType = text.plist.xml; path = Info.plist; sourceTree = "<group>"; };
		9C73BDC92770EAE000BEDB96 /* Song.swift */ = {isa = PBXFileReference; lastKnownFileType = sourcecode.swift; path = Song.swift; sourceTree = "<group>"; };
		9C73BDCB2770EB3300BEDB96 /* Album.swift */ = {isa = PBXFileReference; lastKnownFileType = sourcecode.swift; path = Album.swift; sourceTree = "<group>"; };
		9C73BDCD2770EBBA00BEDB96 /* Category.swift */ = {isa = PBXFileReference; lastKnownFileType = sourcecode.swift; path = Category.swift; sourceTree = "<group>"; };
		9C73BDD02770EC7200BEDB96 /* CategoryService.swift */ = {isa = PBXFileReference; lastKnownFileType = sourcecode.swift; path = CategoryService.swift; sourceTree = "<group>"; };
		9C73BDD22770ED0B00BEDB96 /* categories.json */ = {isa = PBXFileReference; fileEncoding = 4; lastKnownFileType = text.json; path = categories.json; sourceTree = "<group>"; };
		9C73BDD7277115A900BEDB96 /* CategoryCell.swift */ = {isa = PBXFileReference; lastKnownFileType = sourcecode.swift; path = CategoryCell.swift; sourceTree = "<group>"; };
		9C73BDD9277118D900BEDB96 /* AlbumCell.swift */ = {isa = PBXFileReference; lastKnownFileType = sourcecode.swift; path = AlbumCell.swift; sourceTree = "<group>"; };
		9C73BDDB27711A3400BEDB96 /* HomeViewController.swift */ = {isa = PBXFileReference; lastKnownFileType = sourcecode.swift; path = HomeViewController.swift; sourceTree = "<group>"; };
		9C73BDDD27711BD900BEDB96 /* Constants.swift */ = {isa = PBXFileReference; lastKnownFileType = sourcecode.swift; path = Constants.swift; sourceTree = "<group>"; };
/* End PBXFileReference section */

/* Begin PBXFrameworksBuildPhase section */
		9C73BDAB2770EA3C00BEDB96 /* Frameworks */ = {
			isa = PBXFrameworksBuildPhase;
			buildActionMask = 2147483647;
			files = (
				9C45A69027750F75008CE2D6 /* MarqueeLabel in Frameworks */,
				9CA1953F27739AD1000974B2 /* UIImageColors in Frameworks */,
			);
			runOnlyForDeploymentPostprocessing = 0;
		};
/* End PBXFrameworksBuildPhase section */

/* Begin PBXGroup section */
		9C0FD1622773257E0057369C /* AlbumScreen */ = {
			isa = PBXGroup;
			children = (
				9C0FD163277325BC0057369C /* SongCell.swift */,
				9C0FD165277327100057369C /* AlbumViewController.swift */,
			);
			path = AlbumScreen;
			sourceTree = "<group>";
		};
		9C45A68B2774E647008CE2D6 /* SongScreen */ = {
			isa = PBXGroup;
			children = (
				9C45A68C2774EB93008CE2D6 /* SongViewController.swift */,
			);
			path = SongScreen;
			sourceTree = "<group>";
		};
		9C73BDA52770EA3C00BEDB96 = {
			isa = PBXGroup;
			children = (
				9C73BDB02770EA3C00BEDB96 /* SpotifyClone */,
				9C73BDAF2770EA3C00BEDB96 /* Products */,
			);
			sourceTree = "<group>";
		};
		9C73BDAF2770EA3C00BEDB96 /* Products */ = {
			isa = PBXGroup;
			children = (
				9C73BDAE2770EA3C00BEDB96 /* SpotifyClone.app */,
			);
			name = Products;
			sourceTree = "<group>";
		};
		9C73BDB02770EA3C00BEDB96 /* SpotifyClone */ = {
			isa = PBXGroup;
			children = (
				9C73BDC52770EA5200BEDB96 /* Model */,
				9C73BDC62770EA6400BEDB96 /* View */,
				9C73BDC72770EA6D00BEDB96 /* Controller */,
				9C73BDC82770EA7500BEDB96 /* Supporting Files */,
				9C73BDBA2770EA3D00BEDB96 /* Assets.xcassets */,
				9C73BDBF2770EA3D00BEDB96 /* Info.plist */,
			);
			path = SpotifyClone;
			sourceTree = "<group>";
		};
		9C73BDC52770EA5200BEDB96 /* Model */ = {
			isa = PBXGroup;
			children = (
				9C73BDCF2770EC4D00BEDB96 /* Service */,
				9C73BDC92770EAE000BEDB96 /* Song.swift */,
				9C0FD16727737A600057369C /* User.swift */,
				9C73BDCB2770EB3300BEDB96 /* Album.swift */,
				9C73BDCD2770EBBA00BEDB96 /* Category.swift */,
			);
			path = Model;
			sourceTree = "<group>";
		};
		9C73BDC62770EA6400BEDB96 /* View */ = {
			isa = PBXGroup;
			children = (
				9C73BDB72770EA3C00BEDB96 /* Main.storyboard */,
				9C73BDBC2770EA3D00BEDB96 /* LaunchScreen.storyboard */,
			);
			path = View;
			sourceTree = "<group>";
		};
		9C73BDC72770EA6D00BEDB96 /* Controller */ = {
			isa = PBXGroup;
			children = (
				9C73BDD42771154600BEDB96 /* HomeScreen */,
				9C0FD1622773257E0057369C /* AlbumScreen */,
				9C45A68B2774E647008CE2D6 /* SongScreen */,
			);
			path = Controller;
			sourceTree = "<group>";
		};
		9C73BDC82770EA7500BEDB96 /* Supporting Files */ = {
			isa = PBXGroup;
			children = (
				9C45A6852774E4AE008CE2D6 /* song-0.mp3 */,
				9C45A6872774E4AE008CE2D6 /* song-1.mp3 */,
				9C45A6862774E4AE008CE2D6 /* song-2.mp3 */,
				9C73BDD22770ED0B00BEDB96 /* categories.json */,
				9C73BDB32770EA3C00BEDB96 /* SceneDelegate.swift */,
				9C73BDB12770EA3C00BEDB96 /* AppDelegate.swift */,
				9C73BDDD27711BD900BEDB96 /* Constants.swift */,
			);
			path = "Supporting Files";
			sourceTree = "<group>";
		};
		9C73BDCF2770EC4D00BEDB96 /* Service */ = {
			isa = PBXGroup;
			children = (
				9C73BDD02770EC7200BEDB96 /* CategoryService.swift */,
				9C0FD16927737AA40057369C /* UserService.swift */,
				9C45A6832774E419008CE2D6 /* AudioService.swift */,
			);
			path = Service;
			sourceTree = "<group>";
		};
		9C73BDD42771154600BEDB96 /* HomeScreen */ = {
			isa = PBXGroup;
			children = (
				9C73BDD7277115A900BEDB96 /* CategoryCell.swift */,
				9C73BDD9277118D900BEDB96 /* AlbumCell.swift */,
				9C73BDDB27711A3400BEDB96 /* HomeViewController.swift */,
			);
			path = HomeScreen;
			sourceTree = "<group>";
		};
/* End PBXGroup section */

/* Begin PBXNativeTarget section */
		9C73BDAD2770EA3C00BEDB96 /* SpotifyClone */ = {
			isa = PBXNativeTarget;
			buildConfigurationList = 9C73BDC22770EA3D00BEDB96 /* Build configuration list for PBXNativeTarget "SpotifyClone" */;
			buildPhases = (
				9C73BDAA2770EA3C00BEDB96 /* Sources */,
				9C73BDAB2770EA3C00BEDB96 /* Frameworks */,
				9C73BDAC2770EA3C00BEDB96 /* Resources */,
			);
			buildRules = (
			);
			dependencies = (
			);
			name = SpotifyClone;
			packageProductDependencies = (
				9CA1953E27739AD1000974B2 /* UIImageColors */,
				9C45A68F27750F75008CE2D6 /* MarqueeLabel */,
			);
			productName = SpotifyClone;
			productReference = 9C73BDAE2770EA3C00BEDB96 /* SpotifyClone.app */;
			productType = "com.apple.product-type.application";
		};
/* End PBXNativeTarget section */

/* Begin PBXProject section */
		9C73BDA62770EA3C00BEDB96 /* Project object */ = {
			isa = PBXProject;
			attributes = {
				BuildIndependentTargetsInParallel = 1;
				LastSwiftUpdateCheck = 1320;
				LastUpgradeCheck = 1320;
				TargetAttributes = {
					9C73BDAD2770EA3C00BEDB96 = {
						CreatedOnToolsVersion = 13.2;
					};
				};
			};
			buildConfigurationList = 9C73BDA92770EA3C00BEDB96 /* Build configuration list for PBXProject "SpotifyClone" */;
			compatibilityVersion = "Xcode 13.0";
			developmentRegion = en;
			hasScannedForEncodings = 0;
			knownRegions = (
				en,
				Base,
			);
			mainGroup = 9C73BDA52770EA3C00BEDB96;
			packageReferences = (
				9CA1953D27739AD1000974B2 /* XCRemoteSwiftPackageReference "UIImageColors" */,
				9C45A68E27750F75008CE2D6 /* XCRemoteSwiftPackageReference "MarqueeLabel" */,
			);
			productRefGroup = 9C73BDAF2770EA3C00BEDB96 /* Products */;
			projectDirPath = "";
			projectRoot = "";
			targets = (
				9C73BDAD2770EA3C00BEDB96 /* SpotifyClone */,
			);
		};
/* End PBXProject section */

/* Begin PBXResourcesBuildPhase section */
		9C73BDAC2770EA3C00BEDB96 /* Resources */ = {
			isa = PBXResourcesBuildPhase;
			buildActionMask = 2147483647;
			files = (
				9C45A6882774E4AF008CE2D6 /* song-0.mp3 in Resources */,
				9C73BDBE2770EA3D00BEDB96 /* LaunchScreen.storyboard in Resources */,
				9C45A68A2774E4AF008CE2D6 /* song-1.mp3 in Resources */,
				9C73BDD32770ED0B00BEDB96 /* categories.json in Resources */,
				9C73BDBB2770EA3D00BEDB96 /* Assets.xcassets in Resources */,
				9C45A6892774E4AF008CE2D6 /* song-2.mp3 in Resources */,
				9C73BDB92770EA3C00BEDB96 /* Main.storyboard in Resources */,
			);
			runOnlyForDeploymentPostprocessing = 0;
		};
/* End PBXResourcesBuildPhase section */

/* Begin PBXSourcesBuildPhase section */
		9C73BDAA2770EA3C00BEDB96 /* Sources */ = {
			isa = PBXSourcesBuildPhase;
			buildActionMask = 2147483647;
			files = (
				9C0FD16A27737AA40057369C /* UserService.swift in Sources */,
				9C0FD16827737A600057369C /* User.swift in Sources */,
				9C0FD166277327100057369C /* AlbumViewController.swift in Sources */,
				9C73BDCA2770EAE000BEDB96 /* Song.swift in Sources */,
				9C0FD164277325BC0057369C /* SongCell.swift in Sources */,
				9C45A6842774E419008CE2D6 /* AudioService.swift in Sources */,
				9C73BDCE2770EBBA00BEDB96 /* Category.swift in Sources */,
				9C73BDB22770EA3C00BEDB96 /* AppDelegate.swift in Sources */,
				9C73BDDA277118D900BEDB96 /* AlbumCell.swift in Sources */,
				9C45A68D2774EB93008CE2D6 /* SongViewController.swift in Sources */,
				9C73BDD8277115A900BEDB96 /* CategoryCell.swift in Sources */,
				9C73BDDE27711BD900BEDB96 /* Constants.swift in Sources */,
				9C73BDDC27711A3400BEDB96 /* HomeViewController.swift in Sources */,
				9C73BDD12770EC7200BEDB96 /* CategoryService.swift in Sources */,
				9C73BDB42770EA3C00BEDB96 /* SceneDelegate.swift in Sources */,
				9C73BDCC2770EB3300BEDB96 /* Album.swift in Sources */,
			);
			runOnlyForDeploymentPostprocessing = 0;
		};
/* End PBXSourcesBuildPhase section */

/* Begin PBXVariantGroup section */
		9C73BDB72770EA3C00BEDB96 /* Main.storyboard */ = {
			isa = PBXVariantGroup;
			children = (
				9C73BDB82770EA3C00BEDB96 /* Base */,
			);
			name = Main.storyboard;
			sourceTree = "<group>";
		};
		9C73BDBC2770EA3D00BEDB96 /* LaunchScreen.storyboard */ = {
			isa = PBXVariantGroup;
			children = (
				9C73BDBD2770EA3D00BEDB96 /* Base */,
			);
			name = LaunchScreen.storyboard;
			sourceTree = "<group>";
		};
/* End PBXVariantGroup section */

/* Begin XCBuildConfiguration section */
		9C73BDC02770EA3D00BEDB96 /* Debug */ = {
			isa = XCBuildConfiguration;
			buildSettings = {
				ALWAYS_SEARCH_USER_PATHS = NO;
				CLANG_ANALYZER_NONNULL = YES;
				CLANG_ANALYZER_NUMBER_OBJECT_CONVERSION = YES_AGGRESSIVE;
				CLANG_CXX_LANGUAGE_STANDARD = "gnu++17";
				CLANG_CXX_LIBRARY = "libc++";
				CLANG_ENABLE_MODULES = YES;
				CLANG_ENABLE_OBJC_ARC = YES;
				CLANG_ENABLE_OBJC_WEAK = YES;
				CLANG_WARN_BLOCK_CAPTURE_AUTORELEASING = YES;
				CLANG_WARN_BOOL_CONVERSION = YES;
				CLANG_WARN_COMMA = YES;
				CLANG_WARN_CONSTANT_CONVERSION = YES;
				CLANG_WARN_DEPRECATED_OBJC_IMPLEMENTATIONS = YES;
				CLANG_WARN_DIRECT_OBJC_ISA_USAGE = YES_ERROR;
				CLANG_WARN_DOCUMENTATION_COMMENTS = YES;
				CLANG_WARN_EMPTY_BODY = YES;
				CLANG_WARN_ENUM_CONVERSION = YES;
				CLANG_WARN_INFINITE_RECURSION = YES;
				CLANG_WARN_INT_CONVERSION = YES;
				CLANG_WARN_NON_LITERAL_NULL_CONVERSION = YES;
				CLANG_WARN_OBJC_IMPLICIT_RETAIN_SELF = YES;
				CLANG_WARN_OBJC_LITERAL_CONVERSION = YES;
				CLANG_WARN_OBJC_ROOT_CLASS = YES_ERROR;
				CLANG_WARN_QUOTED_INCLUDE_IN_FRAMEWORK_HEADER = YES;
				CLANG_WARN_RANGE_LOOP_ANALYSIS = YES;
				CLANG_WARN_STRICT_PROTOTYPES = YES;
				CLANG_WARN_SUSPICIOUS_MOVE = YES;
				CLANG_WARN_UNGUARDED_AVAILABILITY = YES_AGGRESSIVE;
				CLANG_WARN_UNREACHABLE_CODE = YES;
				CLANG_WARN__DUPLICATE_METHOD_MATCH = YES;
				COPY_PHASE_STRIP = NO;
				DEBUG_INFORMATION_FORMAT = dwarf;
				ENABLE_STRICT_OBJC_MSGSEND = YES;
				ENABLE_TESTABILITY = YES;
				GCC_C_LANGUAGE_STANDARD = gnu11;
				GCC_DYNAMIC_NO_PIC = NO;
				GCC_NO_COMMON_BLOCKS = YES;
				GCC_OPTIMIZATION_LEVEL = 0;
				GCC_PREPROCESSOR_DEFINITIONS = (
					"DEBUG=1",
					"$(inherited)",
				);
				GCC_WARN_64_TO_32_BIT_CONVERSION = YES;
				GCC_WARN_ABOUT_RETURN_TYPE = YES_ERROR;
				GCC_WARN_UNDECLARED_SELECTOR = YES;
				GCC_WARN_UNINITIALIZED_AUTOS = YES_AGGRESSIVE;
				GCC_WARN_UNUSED_FUNCTION = YES;
				GCC_WARN_UNUSED_VARIABLE = YES;
				IPHONEOS_DEPLOYMENT_TARGET = 15.2;
				MTL_ENABLE_DEBUG_INFO = INCLUDE_SOURCE;
				MTL_FAST_MATH = YES;
				ONLY_ACTIVE_ARCH = YES;
				SDKROOT = iphoneos;
				SWIFT_ACTIVE_COMPILATION_CONDITIONS = DEBUG;
				SWIFT_OPTIMIZATION_LEVEL = "-Onone";
			};
			name = Debug;
		};
		9C73BDC12770EA3D00BEDB96 /* Release */ = {
			isa = XCBuildConfiguration;
			buildSettings = {
				ALWAYS_SEARCH_USER_PATHS = NO;
				CLANG_ANALYZER_NONNULL = YES;
				CLANG_ANALYZER_NUMBER_OBJECT_CONVERSION = YES_AGGRESSIVE;
				CLANG_CXX_LANGUAGE_STANDARD = "gnu++17";
				CLANG_CXX_LIBRARY = "libc++";
				CLANG_ENABLE_MODULES = YES;
				CLANG_ENABLE_OBJC_ARC = YES;
				CLANG_ENABLE_OBJC_WEAK = YES;
				CLANG_WARN_BLOCK_CAPTURE_AUTORELEASING = YES;
				CLANG_WARN_BOOL_CONVERSION = YES;
				CLANG_WARN_COMMA = YES;
				CLANG_WARN_CONSTANT_CONVERSION = YES;
				CLANG_WARN_DEPRECATED_OBJC_IMPLEMENTATIONS = YES;
				CLANG_WARN_DIRECT_OBJC_ISA_USAGE = YES_ERROR;
				CLANG_WARN_DOCUMENTATION_COMMENTS = YES;
				CLANG_WARN_EMPTY_BODY = YES;
				CLANG_WARN_ENUM_CONVERSION = YES;
				CLANG_WARN_INFINITE_RECURSION = YES;
				CLANG_WARN_INT_CONVERSION = YES;
				CLANG_WARN_NON_LITERAL_NULL_CONVERSION = YES;
				CLANG_WARN_OBJC_IMPLICIT_RETAIN_SELF = YES;
				CLANG_WARN_OBJC_LITERAL_CONVERSION = YES;
				CLANG_WARN_OBJC_ROOT_CLASS = YES_ERROR;
				CLANG_WARN_QUOTED_INCLUDE_IN_FRAMEWORK_HEADER = YES;
				CLANG_WARN_RANGE_LOOP_ANALYSIS = YES;
				CLANG_WARN_STRICT_PROTOTYPES = YES;
				CLANG_WARN_SUSPICIOUS_MOVE = YES;
				CLANG_WARN_UNGUARDED_AVAILABILITY = YES_AGGRESSIVE;
				CLANG_WARN_UNREACHABLE_CODE = YES;
				CLANG_WARN__DUPLICATE_METHOD_MATCH = YES;
				COPY_PHASE_STRIP = NO;
				DEBUG_INFORMATION_FORMAT = "dwarf-with-dsym";
				ENABLE_NS_ASSERTIONS = NO;
				ENABLE_STRICT_OBJC_MSGSEND = YES;
				GCC_C_LANGUAGE_STANDARD = gnu11;
				GCC_NO_COMMON_BLOCKS = YES;
				GCC_WARN_64_TO_32_BIT_CONVERSION = YES;
				GCC_WARN_ABOUT_RETURN_TYPE = YES_ERROR;
				GCC_WARN_UNDECLARED_SELECTOR = YES;
				GCC_WARN_UNINITIALIZED_AUTOS = YES_AGGRESSIVE;
				GCC_WARN_UNUSED_FUNCTION = YES;
				GCC_WARN_UNUSED_VARIABLE = YES;
				IPHONEOS_DEPLOYMENT_TARGET = 15.2;
				MTL_ENABLE_DEBUG_INFO = NO;
				MTL_FAST_MATH = YES;
				SDKROOT = iphoneos;
				SWIFT_COMPILATION_MODE = wholemodule;
				SWIFT_OPTIMIZATION_LEVEL = "-O";
				VALIDATE_PRODUCT = YES;
			};
			name = Release;
		};
		9C73BDC32770EA3D00BEDB96 /* Debug */ = {
			isa = XCBuildConfiguration;
			buildSettings = {
				ASSETCATALOG_COMPILER_APPICON_NAME = AppIcon;
				ASSETCATALOG_COMPILER_GLOBAL_ACCENT_COLOR_NAME = AccentColor;
				CODE_SIGN_STYLE = Automatic;
				CURRENT_PROJECT_VERSION = 1;
				GENERATE_INFOPLIST_FILE = YES;
				INFOPLIST_FILE = SpotifyClone/Info.plist;
				INFOPLIST_KEY_UIApplicationSupportsIndirectInputEvents = YES;
				INFOPLIST_KEY_UILaunchStoryboardName = LaunchScreen;
				INFOPLIST_KEY_UIMainStoryboardFile = Main;
				INFOPLIST_KEY_UISupportedInterfaceOrientations_iPad = "UIInterfaceOrientationPortrait UIInterfaceOrientationPortraitUpsideDown UIInterfaceOrientationLandscapeLeft UIInterfaceOrientationLandscapeRight";
				INFOPLIST_KEY_UISupportedInterfaceOrientations_iPhone = "UIInterfaceOrientationPortrait UIInterfaceOrientationLandscapeLeft UIInterfaceOrientationLandscapeRight";
				LD_RUNPATH_SEARCH_PATHS = (
					"$(inherited)",
					"@executable_path/Frameworks",
				);
				MARKETING_VERSION = 1.0;
				PRODUCT_BUNDLE_IDENTIFIER = bg.digitals.SpotifyClone;
				PRODUCT_NAME = "$(TARGET_NAME)";
				SWIFT_EMIT_LOC_STRINGS = YES;
				SWIFT_VERSION = 5.0;
				TARGETED_DEVICE_FAMILY = "1,2";
			};
			name = Debug;
		};
		9C73BDC42770EA3D00BEDB96 /* Release */ = {
			isa = XCBuildConfiguration;
			buildSettings = {
				ASSETCATALOG_COMPILER_APPICON_NAME = AppIcon;
				ASSETCATALOG_COMPILER_GLOBAL_ACCENT_COLOR_NAME = AccentColor;
				CODE_SIGN_STYLE = Automatic;
				CURRENT_PROJECT_VERSION = 1;
				GENERATE_INFOPLIST_FILE = YES;
				INFOPLIST_FILE = SpotifyClone/Info.plist;
				INFOPLIST_KEY_UIApplicationSupportsIndirectInputEvents = YES;
				INFOPLIST_KEY_UILaunchStoryboardName = LaunchScreen;
				INFOPLIST_KEY_UIMainStoryboardFile = Main;
				INFOPLIST_KEY_UISupportedInterfaceOrientations_iPad = "UIInterfaceOrientationPortrait UIInterfaceOrientationPortraitUpsideDown UIInterfaceOrientationLandscapeLeft UIInterfaceOrientationLandscapeRight";
				INFOPLIST_KEY_UISupportedInterfaceOrientations_iPhone = "UIInterfaceOrientationPortrait UIInterfaceOrientationLandscapeLeft UIInterfaceOrientationLandscapeRight";
				LD_RUNPATH_SEARCH_PATHS = (
					"$(inherited)",
					"@executable_path/Frameworks",
				);
				MARKETING_VERSION = 1.0;
				PRODUCT_BUNDLE_IDENTIFIER = bg.digitals.SpotifyClone;
				PRODUCT_NAME = "$(TARGET_NAME)";
				SWIFT_EMIT_LOC_STRINGS = YES;
				SWIFT_VERSION = 5.0;
				TARGETED_DEVICE_FAMILY = "1,2";
			};
			name = Release;
		};
/* End XCBuildConfiguration section */

/* Begin XCConfigurationList section */
		9C73BDA92770EA3C00BEDB96 /* Build configuration list for PBXProject "SpotifyClone" */ = {
			isa = XCConfigurationList;
			buildConfigurations = (
				9C73BDC02770EA3D00BEDB96 /* Debug */,
				9C73BDC12770EA3D00BEDB96 /* Release */,
			);
			defaultConfigurationIsVisible = 0;
			defaultConfigurationName = Release;
		};
		9C73BDC22770EA3D00BEDB96 /* Build configuration list for PBXNativeTarget "SpotifyClone" */ = {
			isa = XCConfigurationList;
			buildConfigurations = (
				9C73BDC32770EA3D00BEDB96 /* Debug */,
				9C73BDC42770EA3D00BEDB96 /* Release */,
			);
			defaultConfigurationIsVisible = 0;
			defaultConfigurationName = Release;
		};
/* End XCConfigurationList section */

/* Begin XCRemoteSwiftPackageReference section */
		9C45A68E27750F75008CE2D6 /* XCRemoteSwiftPackageReference "MarqueeLabel" */ = {
			isa = XCRemoteSwiftPackageReference;
			repositoryURL = "https://github.com/cbpowell/MarqueeLabel";
			requirement = {
				kind = upToNextMajorVersion;
				minimumVersion = 4.0.0;
			};
		};
		9CA1953D27739AD1000974B2 /* XCRemoteSwiftPackageReference "UIImageColors" */ = {
			isa = XCRemoteSwiftPackageReference;
			repositoryURL = "https://github.com/jathu/UIImageColors.git";
			requirement = {
				kind = upToNextMajorVersion;
				minimumVersion = 2.0.0;
			};
		};
/* End XCRemoteSwiftPackageReference section */

/* Begin XCSwiftPackageProductDependency section */
		9C45A68F27750F75008CE2D6 /* MarqueeLabel */ = {
			isa = XCSwiftPackageProductDependency;
			package = 9C45A68E27750F75008CE2D6 /* XCRemoteSwiftPackageReference "MarqueeLabel" */;
			productName = MarqueeLabel;
		};
		9CA1953E27739AD1000974B2 /* UIImageColors */ = {
			isa = XCSwiftPackageProductDependency;
			package = 9CA1953D27739AD1000974B2 /* XCRemoteSwiftPackageReference "UIImageColors" */;
			productName = UIImageColors;
		};
/* End XCSwiftPackageProductDependency section */
	};
	rootObject = 9C73BDA62770EA3C00BEDB96 /* Project object */;
}
