// !$*UTF8*$!
{
	archiveVersion = 1;
	classes = {
	};
	objectVersion = 52;
	objects = {

/* Begin PBXBuildFile section */
		9C4603A5277E3B40005CD112 /* Vacation.swift in Sources */ = {isa = PBXBuildFile; fileRef = 9C4603A4277E3B40005CD112 /* Vacation.swift */; };
		9C4603A9277E413D005CD112 /* VacationTableViewCell.swift in Sources */ = {isa = PBXBuildFile; fileRef = 9C4603A7277E413D005CD112 /* VacationTableViewCell.swift */; };
		9C4603AA277E413D005CD112 /* VacationTableViewCell.xib in Resources */ = {isa = PBXBuildFile; fileRef = 9C4603A8277E413D005CD112 /* VacationTableViewCell.xib */; };
		9C4603AD277F0751005CD112 /* SDWebImage in Frameworks */ = {isa = PBXBuildFile; productRef = 9C4603AC277F0751005CD112 /* SDWebImage */; };
		9CC70A14277E1676004C4D60 /* LoginRegisterViewController.swift in Sources */ = {isa = PBXBuildFile; fileRef = 9CC70A12277E1676004C4D60 /* LoginRegisterViewController.swift */; };
		9CC70A15277E1676004C4D60 /* LoginRegisterViewController.xib in Resources */ = {isa = PBXBuildFile; fileRef = 9CC70A13277E1676004C4D60 /* LoginRegisterViewController.xib */; };
		9CC70A17277E1FBC004C4D60 /* HomeViewController.swift in Sources */ = {isa = PBXBuildFile; fileRef = 9CC70A16277E1FBC004C4D60 /* HomeViewController.swift */; };
		B110F42B277DE9F000FCB938 /* AppDelegate.swift in Sources */ = {isa = PBXBuildFile; fileRef = B110F42A277DE9F000FCB938 /* AppDelegate.swift */; };
		B110F42D277DE9F000FCB938 /* SceneDelegate.swift in Sources */ = {isa = PBXBuildFile; fileRef = B110F42C277DE9F000FCB938 /* SceneDelegate.swift */; };
		B110F432277DE9F000FCB938 /* Main.storyboard in Resources */ = {isa = PBXBuildFile; fileRef = B110F430277DE9F000FCB938 /* Main.storyboard */; };
		B110F434277DE9F100FCB938 /* Assets.xcassets in Resources */ = {isa = PBXBuildFile; fileRef = B110F433277DE9F100FCB938 /* Assets.xcassets */; };
		B110F437277DE9F100FCB938 /* LaunchScreen.storyboard in Resources */ = {isa = PBXBuildFile; fileRef = B110F435277DE9F100FCB938 /* LaunchScreen.storyboard */; };
		B110F43F277DEAB700FCB938 /* DemoData.swift in Sources */ = {isa = PBXBuildFile; fileRef = B110F43E277DEAB700FCB938 /* DemoData.swift */; };
		B110F442277DEADC00FCB938 /* CardView.swift in Sources */ = {isa = PBXBuildFile; fileRef = B110F441277DEADC00FCB938 /* CardView.swift */; };
		B110F445277DEAE900FCB938 /* RoundedButton.swift in Sources */ = {isa = PBXBuildFile; fileRef = B110F443277DEAE900FCB938 /* RoundedButton.swift */; };
		B110F446277DEAE900FCB938 /* ShadowCardView.swift in Sources */ = {isa = PBXBuildFile; fileRef = B110F444277DEAE900FCB938 /* ShadowCardView.swift */; };
/* End PBXBuildFile section */

/* Begin PBXFileReference section */
		9C4603A4277E3B40005CD112 /* Vacation.swift */ = {isa = PBXFileReference; lastKnownFileType = sourcecode.swift; name = Vacation.swift; path = "bon-voyage/Models/Vacation.swift"; sourceTree = SOURCE_ROOT; };
		9C4603A7277E413D005CD112 /* VacationTableViewCell.swift */ = {isa = PBXFileReference; lastKnownFileType = sourcecode.swift; name = VacationTableViewCell.swift; path = "bon-voyage/Cells/VacationTableViewCell.swift"; sourceTree = SOURCE_ROOT; };
		9C4603A8277E413D005CD112 /* VacationTableViewCell.xib */ = {isa = PBXFileReference; lastKnownFileType = file.xib; name = VacationTableViewCell.xib; path = "bon-voyage/Cells/VacationTableViewCell.xib"; sourceTree = SOURCE_ROOT; };
		9CC70A12277E1676004C4D60 /* LoginRegisterViewController.swift */ = {isa = PBXFileReference; fileEncoding = 4; lastKnownFileType = sourcecode.swift; name = LoginRegisterViewController.swift; path = "bon-voyage/LoginRegister/LoginRegisterViewController.swift"; sourceTree = SOURCE_ROOT; };
		9CC70A13277E1676004C4D60 /* LoginRegisterViewController.xib */ = {isa = PBXFileReference; fileEncoding = 4; lastKnownFileType = file.xib; name = LoginRegisterViewController.xib; path = "bon-voyage/LoginRegister/LoginRegisterViewController.xib"; sourceTree = SOURCE_ROOT; };
		9CC70A16277E1FBC004C4D60 /* HomeViewController.swift */ = {isa = PBXFileReference; lastKnownFileType = sourcecode.swift; name = HomeViewController.swift; path = "bon-voyage/Controllers/HomeViewController.swift"; sourceTree = SOURCE_ROOT; };
		B110F427277DE9F000FCB938 /* Bon-voyage.app */ = {isa = PBXFileReference; explicitFileType = wrapper.application; includeInIndex = 0; path = "Bon-voyage.app"; sourceTree = BUILT_PRODUCTS_DIR; };
		B110F42A277DE9F000FCB938 /* AppDelegate.swift */ = {isa = PBXFileReference; lastKnownFileType = sourcecode.swift; path = AppDelegate.swift; sourceTree = "<group>"; };
		B110F42C277DE9F000FCB938 /* SceneDelegate.swift */ = {isa = PBXFileReference; lastKnownFileType = sourcecode.swift; path = SceneDelegate.swift; sourceTree = "<group>"; };
		B110F431277DE9F000FCB938 /* Base */ = {isa = PBXFileReference; lastKnownFileType = file.storyboard; name = Base; path = Base.lproj/Main.storyboard; sourceTree = "<group>"; };
		B110F433277DE9F100FCB938 /* Assets.xcassets */ = {isa = PBXFileReference; lastKnownFileType = folder.assetcatalog; path = Assets.xcassets; sourceTree = "<group>"; };
		B110F436277DE9F100FCB938 /* Base */ = {isa = PBXFileReference; lastKnownFileType = file.storyboard; name = Base; path = Base.lproj/LaunchScreen.storyboard; sourceTree = "<group>"; };
		B110F438277DE9F100FCB938 /* Info.plist */ = {isa = PBXFileReference; lastKnownFileType = text.plist.xml; path = Info.plist; sourceTree = "<group>"; };
		B110F43E277DEAB700FCB938 /* DemoData.swift */ = {isa = PBXFileReference; fileEncoding = 4; lastKnownFileType = sourcecode.swift; path = DemoData.swift; sourceTree = "<group>"; };
		B110F441277DEADC00FCB938 /* CardView.swift */ = {isa = PBXFileReference; fileEncoding = 4; lastKnownFileType = sourcecode.swift; path = CardView.swift; sourceTree = "<group>"; };
		B110F443277DEAE900FCB938 /* RoundedButton.swift */ = {isa = PBXFileReference; fileEncoding = 4; lastKnownFileType = sourcecode.swift; path = RoundedButton.swift; sourceTree = "<group>"; };
		B110F444277DEAE900FCB938 /* ShadowCardView.swift */ = {isa = PBXFileReference; fileEncoding = 4; lastKnownFileType = sourcecode.swift; path = ShadowCardView.swift; sourceTree = "<group>"; };
/* End PBXFileReference section */

/* Begin PBXFrameworksBuildPhase section */
		B110F424277DE9F000FCB938 /* Frameworks */ = {
			isa = PBXFrameworksBuildPhase;
			buildActionMask = 2147483647;
			files = (
				9C4603AD277F0751005CD112 /* SDWebImage in Frameworks */,
			);
			runOnlyForDeploymentPostprocessing = 0;
		};
/* End PBXFrameworksBuildPhase section */

/* Begin PBXGroup section */
		9C4603A3277E3B20005CD112 /* Models */ = {
			isa = PBXGroup;
			children = (
				9C4603A4277E3B40005CD112 /* Vacation.swift */,
			);
			path = Models;
			sourceTree = "<group>";
		};
		9C4603A6277E4113005CD112 /* Cells */ = {
			isa = PBXGroup;
			children = (
				9C4603A7277E413D005CD112 /* VacationTableViewCell.swift */,
				9C4603A8277E413D005CD112 /* VacationTableViewCell.xib */,
			);
			path = Cells;
			sourceTree = "<group>";
		};
		9CC70A11277E15C7004C4D60 /* LoginRegister */ = {
			isa = PBXGroup;
			children = (
				9CC70A12277E1676004C4D60 /* LoginRegisterViewController.swift */,
				9CC70A13277E1676004C4D60 /* LoginRegisterViewController.xib */,
			);
			path = LoginRegister;
			sourceTree = "<group>";
		};
		B110F41E277DE9F000FCB938 = {
			isa = PBXGroup;
			children = (
				B110F429277DE9F000FCB938 /* Bon-voyage */,
				B110F428277DE9F000FCB938 /* Products */,
			);
			sourceTree = "<group>";
		};
		B110F428277DE9F000FCB938 /* Products */ = {
			isa = PBXGroup;
			children = (
				B110F427277DE9F000FCB938 /* Bon-voyage.app */,
			);
			name = Products;
			sourceTree = "<group>";
		};
		B110F429277DE9F000FCB938 /* Bon-voyage */ = {
			isa = PBXGroup;
			children = (
				9C4603A6277E4113005CD112 /* Cells */,
				9C4603A3277E3B20005CD112 /* Models */,
				9CC70A11277E15C7004C4D60 /* LoginRegister */,
				B110F440277DEAC100FCB938 /* Custom Views */,
				B110F42A277DE9F000FCB938 /* AppDelegate.swift */,
				B110F42C277DE9F000FCB938 /* SceneDelegate.swift */,
				B110F430277DE9F000FCB938 /* Main.storyboard */,
				B110F433277DE9F100FCB938 /* Assets.xcassets */,
				B110F447277DEC0400FCB938 /* Controllers */,
				B110F435277DE9F100FCB938 /* LaunchScreen.storyboard */,
				B110F438277DE9F100FCB938 /* Info.plist */,
				B110F43E277DEAB700FCB938 /* DemoData.swift */,
			);
			path = "Bon-voyage";
			sourceTree = "<group>";
		};
		B110F440277DEAC100FCB938 /* Custom Views */ = {
			isa = PBXGroup;
			children = (
				B110F441277DEADC00FCB938 /* CardView.swift */,
				B110F443277DEAE900FCB938 /* RoundedButton.swift */,
				B110F444277DEAE900FCB938 /* ShadowCardView.swift */,
			);
			path = "Custom Views";
			sourceTree = "<group>";
		};
		B110F447277DEC0400FCB938 /* Controllers */ = {
			isa = PBXGroup;
			children = (
				9CC70A16277E1FBC004C4D60 /* HomeViewController.swift */,
			);
			path = Controllers;
			sourceTree = "<group>";
		};
/* End PBXGroup section */

/* Begin PBXNativeTarget section */
		B110F426277DE9F000FCB938 /* Bon-voyage */ = {
			isa = PBXNativeTarget;
			buildConfigurationList = B110F43B277DE9F100FCB938 /* Build configuration list for PBXNativeTarget "Bon-voyage" */;
			buildPhases = (
				B110F423277DE9F000FCB938 /* Sources */,
				B110F424277DE9F000FCB938 /* Frameworks */,
				B110F425277DE9F000FCB938 /* Resources */,
			);
			buildRules = (
			);
			dependencies = (
			);
			name = "Bon-voyage";
			packageProductDependencies = (
				9C4603AC277F0751005CD112 /* SDWebImage */,
			);
			productName = "Bon-voyage";
			productReference = B110F427277DE9F000FCB938 /* Bon-voyage.app */;
			productType = "com.apple.product-type.application";
		};
/* End PBXNativeTarget section */

/* Begin PBXProject section */
		B110F41F277DE9F000FCB938 /* Project object */ = {
			isa = PBXProject;
			attributes = {
				LastSwiftUpdateCheck = 1250;
				LastUpgradeCheck = 1250;
				TargetAttributes = {
					B110F426277DE9F000FCB938 = {
						CreatedOnToolsVersion = 12.5;
					};
				};
			};
			buildConfigurationList = B110F422277DE9F000FCB938 /* Build configuration list for PBXProject "bon-voyage" */;
			compatibilityVersion = "Xcode 9.3";
			developmentRegion = en;
			hasScannedForEncodings = 0;
			knownRegions = (
				en,
				Base,
			);
			mainGroup = B110F41E277DE9F000FCB938;
			packageReferences = (
				9C4603AB277F0751005CD112 /* XCRemoteSwiftPackageReference "SDWebImage" */,
			);
			productRefGroup = B110F428277DE9F000FCB938 /* Products */;
			projectDirPath = "";
			projectRoot = "";
			targets = (
				B110F426277DE9F000FCB938 /* Bon-voyage */,
			);
		};
/* End PBXProject section */

/* Begin PBXResourcesBuildPhase section */
		B110F425277DE9F000FCB938 /* Resources */ = {
			isa = PBXResourcesBuildPhase;
			buildActionMask = 2147483647;
			files = (
				9C4603AA277E413D005CD112 /* VacationTableViewCell.xib in Resources */,
				B110F437277DE9F100FCB938 /* LaunchScreen.storyboard in Resources */,
				9CC70A15277E1676004C4D60 /* LoginRegisterViewController.xib in Resources */,
				B110F434277DE9F100FCB938 /* Assets.xcassets in Resources */,
				B110F432277DE9F000FCB938 /* Main.storyboard in Resources */,
			);
			runOnlyForDeploymentPostprocessing = 0;
		};
/* End PBXResourcesBuildPhase section */

/* Begin PBXSourcesBuildPhase section */
		B110F423277DE9F000FCB938 /* Sources */ = {
			isa = PBXSourcesBuildPhase;
			buildActionMask = 2147483647;
			files = (
				9C4603A9277E413D005CD112 /* VacationTableViewCell.swift in Sources */,
				B110F43F277DEAB700FCB938 /* DemoData.swift in Sources */,
				B110F445277DEAE900FCB938 /* RoundedButton.swift in Sources */,
				9C4603A5277E3B40005CD112 /* Vacation.swift in Sources */,
				9CC70A17277E1FBC004C4D60 /* HomeViewController.swift in Sources */,
				B110F42B277DE9F000FCB938 /* AppDelegate.swift in Sources */,
				B110F446277DEAE900FCB938 /* ShadowCardView.swift in Sources */,
				9CC70A14277E1676004C4D60 /* LoginRegisterViewController.swift in Sources */,
				B110F42D277DE9F000FCB938 /* SceneDelegate.swift in Sources */,
				B110F442277DEADC00FCB938 /* CardView.swift in Sources */,
			);
			runOnlyForDeploymentPostprocessing = 0;
		};
/* End PBXSourcesBuildPhase section */

/* Begin PBXVariantGroup section */
		B110F430277DE9F000FCB938 /* Main.storyboard */ = {
			isa = PBXVariantGroup;
			children = (
				B110F431277DE9F000FCB938 /* Base */,
			);
			name = Main.storyboard;
			sourceTree = "<group>";
		};
		B110F435277DE9F100FCB938 /* LaunchScreen.storyboard */ = {
			isa = PBXVariantGroup;
			children = (
				B110F436277DE9F100FCB938 /* Base */,
			);
			name = LaunchScreen.storyboard;
			sourceTree = "<group>";
		};
/* End PBXVariantGroup section */

/* Begin XCBuildConfiguration section */
		B110F439277DE9F100FCB938 /* Debug */ = {
			isa = XCBuildConfiguration;
			buildSettings = {
				ALWAYS_SEARCH_USER_PATHS = NO;
				CLANG_ANALYZER_NONNULL = YES;
				CLANG_ANALYZER_NUMBER_OBJECT_CONVERSION = YES_AGGRESSIVE;
				CLANG_CXX_LANGUAGE_STANDARD = "gnu++14";
				CLANG_CXX_LIBRARY = "libc++";
				CLANG_ENABLE_MODULES = YES;
				CLANG_ENABLE_OBJC_ARC = YES;
				CLANG_ENABLE_OBJC_WEAK = YES;
				CLANG_WARN_BLOCK_CAPTURE_AUTORELEASING = YES;
				CLANG_WARN_BOOL_CONVERSION = YES;
				CLANG_WARN_COMMA = YES;
				CLANG_WARN_CONSTANT_CONVERSION = YES;
				CLANG_WARN_DEPRECATED_OBJC_IMPLEMENTATIONS = YES;
				CLANG_WARN_DIRECT_OBJC_ISA_USAGE = YES_ERROR;
				CLANG_WARN_DOCUMENTATION_COMMENTS = YES;
				CLANG_WARN_EMPTY_BODY = YES;
				CLANG_WARN_ENUM_CONVERSION = YES;
				CLANG_WARN_INFINITE_RECURSION = YES;
				CLANG_WARN_INT_CONVERSION = YES;
				CLANG_WARN_NON_LITERAL_NULL_CONVERSION = YES;
				CLANG_WARN_OBJC_IMPLICIT_RETAIN_SELF = YES;
				CLANG_WARN_OBJC_LITERAL_CONVERSION = YES;
				CLANG_WARN_OBJC_ROOT_CLASS = YES_ERROR;
				CLANG_WARN_QUOTED_INCLUDE_IN_FRAMEWORK_HEADER = YES;
				CLANG_WARN_RANGE_LOOP_ANALYSIS = YES;
				CLANG_WARN_STRICT_PROTOTYPES = YES;
				CLANG_WARN_SUSPICIOUS_MOVE = YES;
				CLANG_WARN_UNGUARDED_AVAILABILITY = YES_AGGRESSIVE;
				CLANG_WARN_UNREACHABLE_CODE = YES;
				CLANG_WARN__DUPLICATE_METHOD_MATCH = YES;
				COPY_PHASE_STRIP = NO;
				DEBUG_INFORMATION_FORMAT = dwarf;
				ENABLE_STRICT_OBJC_MSGSEND = YES;
				ENABLE_TESTABILITY = YES;
				GCC_C_LANGUAGE_STANDARD = gnu11;
				GCC_DYNAMIC_NO_PIC = NO;
				GCC_NO_COMMON_BLOCKS = YES;
				GCC_OPTIMIZATION_LEVEL = 0;
				GCC_PREPROCESSOR_DEFINITIONS = (
					"DEBUG=1",
					"$(inherited)",
				);
				GCC_WARN_64_TO_32_BIT_CONVERSION = YES;
				GCC_WARN_ABOUT_RETURN_TYPE = YES_ERROR;
				GCC_WARN_UNDECLARED_SELECTOR = YES;
				GCC_WARN_UNINITIALIZED_AUTOS = YES_AGGRESSIVE;
				GCC_WARN_UNUSED_FUNCTION = YES;
				GCC_WARN_UNUSED_VARIABLE = YES;
				IPHONEOS_DEPLOYMENT_TARGET = 14.5;
				MTL_ENABLE_DEBUG_INFO = INCLUDE_SOURCE;
				MTL_FAST_MATH = YES;
				ONLY_ACTIVE_ARCH = YES;
				SDKROOT = iphoneos;
				SWIFT_ACTIVE_COMPILATION_CONDITIONS = DEBUG;
				SWIFT_OPTIMIZATION_LEVEL = "-Onone";
			};
			name = Debug;
		};
		B110F43A277DE9F100FCB938 /* Release */ = {
			isa = XCBuildConfiguration;
			buildSettings = {
				ALWAYS_SEARCH_USER_PATHS = NO;
				CLANG_ANALYZER_NONNULL = YES;
				CLANG_ANALYZER_NUMBER_OBJECT_CONVERSION = YES_AGGRESSIVE;
				CLANG_CXX_LANGUAGE_STANDARD = "gnu++14";
				CLANG_CXX_LIBRARY = "libc++";
				CLANG_ENABLE_MODULES = YES;
				CLANG_ENABLE_OBJC_ARC = YES;
				CLANG_ENABLE_OBJC_WEAK = YES;
				CLANG_WARN_BLOCK_CAPTURE_AUTORELEASING = YES;
				CLANG_WARN_BOOL_CONVERSION = YES;
				CLANG_WARN_COMMA = YES;
				CLANG_WARN_CONSTANT_CONVERSION = YES;
				CLANG_WARN_DEPRECATED_OBJC_IMPLEMENTATIONS = YES;
				CLANG_WARN_DIRECT_OBJC_ISA_USAGE = YES_ERROR;
				CLANG_WARN_DOCUMENTATION_COMMENTS = YES;
				CLANG_WARN_EMPTY_BODY = YES;
				CLANG_WARN_ENUM_CONVERSION = YES;
				CLANG_WARN_INFINITE_RECURSION = YES;
				CLANG_WARN_INT_CONVERSION = YES;
				CLANG_WARN_NON_LITERAL_NULL_CONVERSION = YES;
				CLANG_WARN_OBJC_IMPLICIT_RETAIN_SELF = YES;
				CLANG_WARN_OBJC_LITERAL_CONVERSION = YES;
				CLANG_WARN_OBJC_ROOT_CLASS = YES_ERROR;
				CLANG_WARN_QUOTED_INCLUDE_IN_FRAMEWORK_HEADER = YES;
				CLANG_WARN_RANGE_LOOP_ANALYSIS = YES;
				CLANG_WARN_STRICT_PROTOTYPES = YES;
				CLANG_WARN_SUSPICIOUS_MOVE = YES;
				CLANG_WARN_UNGUARDED_AVAILABILITY = YES_AGGRESSIVE;
				CLANG_WARN_UNREACHABLE_CODE = YES;
				CLANG_WARN__DUPLICATE_METHOD_MATCH = YES;
				COPY_PHASE_STRIP = NO;
				DEBUG_INFORMATION_FORMAT = "dwarf-with-dsym";
				ENABLE_NS_ASSERTIONS = NO;
				ENABLE_STRICT_OBJC_MSGSEND = YES;
				GCC_C_LANGUAGE_STANDARD = gnu11;
				GCC_NO_COMMON_BLOCKS = YES;
				GCC_WARN_64_TO_32_BIT_CONVERSION = YES;
				GCC_WARN_ABOUT_RETURN_TYPE = YES_ERROR;
				GCC_WARN_UNDECLARED_SELECTOR = YES;
				GCC_WARN_UNINITIALIZED_AUTOS = YES_AGGRESSIVE;
				GCC_WARN_UNUSED_FUNCTION = YES;
				GCC_WARN_UNUSED_VARIABLE = YES;
				IPHONEOS_DEPLOYMENT_TARGET = 14.5;
				MTL_ENABLE_DEBUG_INFO = NO;
				MTL_FAST_MATH = YES;
				SDKROOT = iphoneos;
				SWIFT_COMPILATION_MODE = wholemodule;
				SWIFT_OPTIMIZATION_LEVEL = "-O";
				VALIDATE_PRODUCT = YES;
			};
			name = Release;
		};
		B110F43C277DE9F100FCB938 /* Debug */ = {
			isa = XCBuildConfiguration;
			buildSettings = {
				ASSETCATALOG_COMPILER_APPICON_NAME = AppIcon;
				ASSETCATALOG_COMPILER_GLOBAL_ACCENT_COLOR_NAME = AccentColor;
				CODE_SIGN_STYLE = Automatic;
				DEVELOPMENT_TEAM = NV786K8W94;
				INFOPLIST_FILE = "Bon-voyage/Info.plist";
				LD_RUNPATH_SEARCH_PATHS = (
					"$(inherited)",
					"@executable_path/Frameworks",
				);
				PRODUCT_BUNDLE_IDENTIFIER = "bg.digitals.Bon-voyage";
				PRODUCT_NAME = "$(TARGET_NAME)";
				SWIFT_VERSION = 5.0;
				TARGETED_DEVICE_FAMILY = "1,2";
			};
			name = Debug;
		};
		B110F43D277DE9F100FCB938 /* Release */ = {
			isa = XCBuildConfiguration;
			buildSettings = {
				ASSETCATALOG_COMPILER_APPICON_NAME = AppIcon;
				ASSETCATALOG_COMPILER_GLOBAL_ACCENT_COLOR_NAME = AccentColor;
				CODE_SIGN_STYLE = Automatic;
				DEVELOPMENT_TEAM = NV786K8W94;
				INFOPLIST_FILE = "Bon-voyage/Info.plist";
				LD_RUNPATH_SEARCH_PATHS = (
					"$(inherited)",
					"@executable_path/Frameworks",
				);
				PRODUCT_BUNDLE_IDENTIFIER = "bg.digitals.Bon-voyage";
				PRODUCT_NAME = "$(TARGET_NAME)";
				SWIFT_VERSION = 5.0;
				TARGETED_DEVICE_FAMILY = "1,2";
			};
			name = Release;
		};
/* End XCBuildConfiguration section */

/* Begin XCConfigurationList section */
		B110F422277DE9F000FCB938 /* Build configuration list for PBXProject "bon-voyage" */ = {
			isa = XCConfigurationList;
			buildConfigurations = (
				B110F439277DE9F100FCB938 /* Debug */,
				B110F43A277DE9F100FCB938 /* Release */,
			);
			defaultConfigurationIsVisible = 0;
			defaultConfigurationName = Release;
		};
		B110F43B277DE9F100FCB938 /* Build configuration list for PBXNativeTarget "Bon-voyage" */ = {
			isa = XCConfigurationList;
			buildConfigurations = (
				B110F43C277DE9F100FCB938 /* Debug */,
				B110F43D277DE9F100FCB938 /* Release */,
			);
			defaultConfigurationIsVisible = 0;
			defaultConfigurationName = Release;
		};
/* End XCConfigurationList section */

/* Begin XCRemoteSwiftPackageReference section */
		9C4603AB277F0751005CD112 /* XCRemoteSwiftPackageReference "SDWebImage" */ = {
			isa = XCRemoteSwiftPackageReference;
			repositoryURL = "https://github.com/SDWebImage/SDWebImage";
			requirement = {
				kind = upToNextMajorVersion;
				minimumVersion = 5.0.0;
			};
		};
/* End XCRemoteSwiftPackageReference section */

/* Begin XCSwiftPackageProductDependency section */
		9C4603AC277F0751005CD112 /* SDWebImage */ = {
			isa = XCSwiftPackageProductDependency;
			package = 9C4603AB277F0751005CD112 /* XCRemoteSwiftPackageReference "SDWebImage" */;
			productName = SDWebImage;
		};
/* End XCSwiftPackageProductDependency section */
	};
	rootObject = B110F41F277DE9F000FCB938 /* Project object */;
}
