// !$*UTF8*$!
{
	archiveVersion = 1;
	classes = {
	};
	objectVersion = 55;
	objects = {

/* Begin PBXBuildFile section */
		9C1C868E2777929C00F644C6 /* AppDelegate.swift in Sources */ = {isa = PBXBuildFile; fileRef = 9C1C868D2777929C00F644C6 /* AppDelegate.swift */; };
		9C1C86902777929C00F644C6 /* SceneDelegate.swift in Sources */ = {isa = PBXBuildFile; fileRef = 9C1C868F2777929C00F644C6 /* SceneDelegate.swift */; };
		9C1C86922777929C00F644C6 /* HomeViewController.swift in Sources */ = {isa = PBXBuildFile; fileRef = 9C1C86912777929C00F644C6 /* HomeViewController.swift */; };
		9C1C86972777929D00F644C6 /* Assets.xcassets in Resources */ = {isa = PBXBuildFile; fileRef = 9C1C86962777929D00F644C6 /* Assets.xcassets */; };
		9C1C869A2777929D00F644C6 /* LaunchScreen.storyboard in Resources */ = {isa = PBXBuildFile; fileRef = 9C1C86982777929D00F644C6 /* LaunchScreen.storyboard */; };
		9C3E65552779BB8300451479 /* SigninHeaderView.swift in Sources */ = {isa = PBXBuildFile; fileRef = 9C3E65542779BB8300451479 /* SigninHeaderView.swift */; };
		9C3E65572779BD1500451479 /* Extensions.swift in Sources */ = {isa = PBXBuildFile; fileRef = 9C3E65562779BD1500451479 /* Extensions.swift */; };
		9C3E6559277B194E00451479 /* InstagramTextField.swift in Sources */ = {isa = PBXBuildFile; fileRef = 9C3E6558277B194E00451479 /* InstagramTextField.swift */; };
		9C3E655B277B2DC600451479 /* InstagramButton.swift in Sources */ = {isa = PBXBuildFile; fileRef = 9C3E655A277B2DC600451479 /* InstagramButton.swift */; };
		9CFB20FD277862720092C5CB /* ExploreViewController.swift in Sources */ = {isa = PBXBuildFile; fileRef = 9CFB20FC277862720092C5CB /* ExploreViewController.swift */; };
		9CFB20FF277862B00092C5CB /* CameraViewController.swift in Sources */ = {isa = PBXBuildFile; fileRef = 9CFB20FE277862B00092C5CB /* CameraViewController.swift */; };
		9CFB2101277862D90092C5CB /* NotificationsViewController.swift in Sources */ = {isa = PBXBuildFile; fileRef = 9CFB2100277862D90092C5CB /* NotificationsViewController.swift */; };
		9CFB2103277862E70092C5CB /* ProfileViewController.swift in Sources */ = {isa = PBXBuildFile; fileRef = 9CFB2102277862E70092C5CB /* ProfileViewController.swift */; };
		9CFB21052778637D0092C5CB /* TabBarViewController.swift in Sources */ = {isa = PBXBuildFile; fileRef = 9CFB21042778637D0092C5CB /* TabBarViewController.swift */; };
		9CFB2108277863B50092C5CB /* SigninViewController.swift in Sources */ = {isa = PBXBuildFile; fileRef = 9CFB2107277863B50092C5CB /* SigninViewController.swift */; };
		9CFB210A277863CE0092C5CB /* SignupViewController.swift in Sources */ = {isa = PBXBuildFile; fileRef = 9CFB2109277863CE0092C5CB /* SignupViewController.swift */; };
		9CFB210C277863FA0092C5CB /* CaptionViewController.swift in Sources */ = {isa = PBXBuildFile; fileRef = 9CFB210B277863FA0092C5CB /* CaptionViewController.swift */; };
		9CFB210E2778641A0092C5CB /* ListViewController.swift in Sources */ = {isa = PBXBuildFile; fileRef = 9CFB210D2778641A0092C5CB /* ListViewController.swift */; };
		9CFB2110277864230092C5CB /* PostViewController.swift in Sources */ = {isa = PBXBuildFile; fileRef = 9CFB210F277864230092C5CB /* PostViewController.swift */; };
		9CFB2112277864350092C5CB /* SettingsViewController.swift in Sources */ = {isa = PBXBuildFile; fileRef = 9CFB2111277864350092C5CB /* SettingsViewController.swift */; };
		9CFB2114277864510092C5CB /* User.swift in Sources */ = {isa = PBXBuildFile; fileRef = 9CFB2113277864510092C5CB /* User.swift */; };
		9CFB2116277864620092C5CB /* Post.swift in Sources */ = {isa = PBXBuildFile; fileRef = 9CFB2115277864620092C5CB /* Post.swift */; };
		9CFB2118277864770092C5CB /* Relationship.swift in Sources */ = {isa = PBXBuildFile; fileRef = 9CFB2117277864770092C5CB /* Relationship.swift */; };
		9CFB211A277864900092C5CB /* Notification.swift in Sources */ = {isa = PBXBuildFile; fileRef = 9CFB2119277864900092C5CB /* Notification.swift */; };
		9CFB211C277864A80092C5CB /* AuthManager.swift in Sources */ = {isa = PBXBuildFile; fileRef = 9CFB211B277864A80092C5CB /* AuthManager.swift */; };
		9CFB211E277864C70092C5CB /* DatabaseManager.swift in Sources */ = {isa = PBXBuildFile; fileRef = 9CFB211D277864C70092C5CB /* DatabaseManager.swift */; };
		9CFB2120277864D90092C5CB /* StorageManager.swift in Sources */ = {isa = PBXBuildFile; fileRef = 9CFB211F277864D90092C5CB /* StorageManager.swift */; };
		9CFB2122277865020092C5CB /* HapticsManager.swift in Sources */ = {isa = PBXBuildFile; fileRef = 9CFB2121277865020092C5CB /* HapticsManager.swift */; };
		9CFB2124277865220092C5CB /* AnalyticsManager.swift in Sources */ = {isa = PBXBuildFile; fileRef = 9CFB2123277865220092C5CB /* AnalyticsManager.swift */; };
		9CFB212627786A7F0092C5CB /* GoogleService-Info.plist in Resources */ = {isa = PBXBuildFile; fileRef = 9CFB212527786A7F0092C5CB /* GoogleService-Info.plist */; };
		BA3B00B7D1A52D5E1C3BFC53 /* Pods_InstagramClone.framework in Frameworks */ = {isa = PBXBuildFile; fileRef = 065D487AB04FDD30FF47CD34 /* Pods_InstagramClone.framework */; };
/* End PBXBuildFile section */

/* Begin PBXFileReference section */
		065D487AB04FDD30FF47CD34 /* Pods_InstagramClone.framework */ = {isa = PBXFileReference; explicitFileType = wrapper.framework; includeInIndex = 0; path = Pods_InstagramClone.framework; sourceTree = BUILT_PRODUCTS_DIR; };
		18AEA247DCF536D95875BA17 /* Pods-InstagramClone.release.xcconfig */ = {isa = PBXFileReference; includeInIndex = 1; lastKnownFileType = text.xcconfig; name = "Pods-InstagramClone.release.xcconfig"; path = "Target Support Files/Pods-InstagramClone/Pods-InstagramClone.release.xcconfig"; sourceTree = "<group>"; };
		4E4DCA226D44B14E0FADAA5A /* Pods-InstagramClone.debug.xcconfig */ = {isa = PBXFileReference; includeInIndex = 1; lastKnownFileType = text.xcconfig; name = "Pods-InstagramClone.debug.xcconfig"; path = "Target Support Files/Pods-InstagramClone/Pods-InstagramClone.debug.xcconfig"; sourceTree = "<group>"; };
		9C1C868A2777929C00F644C6 /* InstagramClone.app */ = {isa = PBXFileReference; explicitFileType = wrapper.application; includeInIndex = 0; path = InstagramClone.app; sourceTree = BUILT_PRODUCTS_DIR; };
		9C1C868D2777929C00F644C6 /* AppDelegate.swift */ = {isa = PBXFileReference; lastKnownFileType = sourcecode.swift; path = AppDelegate.swift; sourceTree = "<group>"; };
		9C1C868F2777929C00F644C6 /* SceneDelegate.swift */ = {isa = PBXFileReference; lastKnownFileType = sourcecode.swift; path = SceneDelegate.swift; sourceTree = "<group>"; };
		9C1C86912777929C00F644C6 /* HomeViewController.swift */ = {isa = PBXFileReference; lastKnownFileType = sourcecode.swift; path = HomeViewController.swift; sourceTree = "<group>"; };
		9C1C86962777929D00F644C6 /* Assets.xcassets */ = {isa = PBXFileReference; lastKnownFileType = folder.assetcatalog; path = Assets.xcassets; sourceTree = "<group>"; };
		9C1C86992777929D00F644C6 /* Base */ = {isa = PBXFileReference; lastKnownFileType = file.storyboard; name = Base; path = Base.lproj/LaunchScreen.storyboard; sourceTree = "<group>"; };
		9C1C869B2777929D00F644C6 /* Info.plist */ = {isa = PBXFileReference; lastKnownFileType = text.plist.xml; path = Info.plist; sourceTree = "<group>"; };
		9C3E65542779BB8300451479 /* SigninHeaderView.swift */ = {isa = PBXFileReference; lastKnownFileType = sourcecode.swift; path = SigninHeaderView.swift; sourceTree = "<group>"; };
		9C3E65562779BD1500451479 /* Extensions.swift */ = {isa = PBXFileReference; lastKnownFileType = sourcecode.swift; path = Extensions.swift; sourceTree = "<group>"; };
		9C3E6558277B194E00451479 /* InstagramTextField.swift */ = {isa = PBXFileReference; lastKnownFileType = sourcecode.swift; path = InstagramTextField.swift; sourceTree = "<group>"; };
		9C3E655A277B2DC600451479 /* InstagramButton.swift */ = {isa = PBXFileReference; lastKnownFileType = sourcecode.swift; path = InstagramButton.swift; sourceTree = "<group>"; };
		9CFB20FC277862720092C5CB /* ExploreViewController.swift */ = {isa = PBXFileReference; lastKnownFileType = sourcecode.swift; path = ExploreViewController.swift; sourceTree = "<group>"; };
		9CFB20FE277862B00092C5CB /* CameraViewController.swift */ = {isa = PBXFileReference; lastKnownFileType = sourcecode.swift; path = CameraViewController.swift; sourceTree = "<group>"; };
		9CFB2100277862D90092C5CB /* NotificationsViewController.swift */ = {isa = PBXFileReference; lastKnownFileType = sourcecode.swift; path = NotificationsViewController.swift; sourceTree = "<group>"; };
		9CFB2102277862E70092C5CB /* ProfileViewController.swift */ = {isa = PBXFileReference; lastKnownFileType = sourcecode.swift; path = ProfileViewController.swift; sourceTree = "<group>"; };
		9CFB21042778637D0092C5CB /* TabBarViewController.swift */ = {isa = PBXFileReference; lastKnownFileType = sourcecode.swift; path = TabBarViewController.swift; sourceTree = "<group>"; };
		9CFB2107277863B50092C5CB /* SigninViewController.swift */ = {isa = PBXFileReference; lastKnownFileType = sourcecode.swift; path = SigninViewController.swift; sourceTree = "<group>"; };
		9CFB2109277863CE0092C5CB /* SignupViewController.swift */ = {isa = PBXFileReference; lastKnownFileType = sourcecode.swift; path = SignupViewController.swift; sourceTree = "<group>"; };
		9CFB210B277863FA0092C5CB /* CaptionViewController.swift */ = {isa = PBXFileReference; lastKnownFileType = sourcecode.swift; path = CaptionViewController.swift; sourceTree = "<group>"; };
		9CFB210D2778641A0092C5CB /* ListViewController.swift */ = {isa = PBXFileReference; lastKnownFileType = sourcecode.swift; path = ListViewController.swift; sourceTree = "<group>"; };
		9CFB210F277864230092C5CB /* PostViewController.swift */ = {isa = PBXFileReference; lastKnownFileType = sourcecode.swift; path = PostViewController.swift; sourceTree = "<group>"; };
		9CFB2111277864350092C5CB /* SettingsViewController.swift */ = {isa = PBXFileReference; lastKnownFileType = sourcecode.swift; path = SettingsViewController.swift; sourceTree = "<group>"; };
		9CFB2113277864510092C5CB /* User.swift */ = {isa = PBXFileReference; lastKnownFileType = sourcecode.swift; path = User.swift; sourceTree = "<group>"; };
		9CFB2115277864620092C5CB /* Post.swift */ = {isa = PBXFileReference; lastKnownFileType = sourcecode.swift; path = Post.swift; sourceTree = "<group>"; };
		9CFB2117277864770092C5CB /* Relationship.swift */ = {isa = PBXFileReference; lastKnownFileType = sourcecode.swift; path = Relationship.swift; sourceTree = "<group>"; };
		9CFB2119277864900092C5CB /* Notification.swift */ = {isa = PBXFileReference; lastKnownFileType = sourcecode.swift; path = Notification.swift; sourceTree = "<group>"; };
		9CFB211B277864A80092C5CB /* AuthManager.swift */ = {isa = PBXFileReference; lastKnownFileType = sourcecode.swift; path = AuthManager.swift; sourceTree = "<group>"; };
		9CFB211D277864C70092C5CB /* DatabaseManager.swift */ = {isa = PBXFileReference; lastKnownFileType = sourcecode.swift; path = DatabaseManager.swift; sourceTree = "<group>"; };
		9CFB211F277864D90092C5CB /* StorageManager.swift */ = {isa = PBXFileReference; lastKnownFileType = sourcecode.swift; path = StorageManager.swift; sourceTree = "<group>"; };
		9CFB2121277865020092C5CB /* HapticsManager.swift */ = {isa = PBXFileReference; lastKnownFileType = sourcecode.swift; path = HapticsManager.swift; sourceTree = "<group>"; };
		9CFB2123277865220092C5CB /* AnalyticsManager.swift */ = {isa = PBXFileReference; lastKnownFileType = sourcecode.swift; path = AnalyticsManager.swift; sourceTree = "<group>"; };
		9CFB212527786A7F0092C5CB /* GoogleService-Info.plist */ = {isa = PBXFileReference; fileEncoding = 4; lastKnownFileType = text.plist.xml; path = "GoogleService-Info.plist"; sourceTree = "<group>"; };
/* End PBXFileReference section */

/* Begin PBXFrameworksBuildPhase section */
		9C1C86872777929C00F644C6 /* Frameworks */ = {
			isa = PBXFrameworksBuildPhase;
			buildActionMask = 2147483647;
			files = (
				BA3B00B7D1A52D5E1C3BFC53 /* Pods_InstagramClone.framework in Frameworks */,
			);
			runOnlyForDeploymentPostprocessing = 0;
		};
/* End PBXFrameworksBuildPhase section */

/* Begin PBXGroup section */
		9C1C86812777929C00F644C6 = {
			isa = PBXGroup;
			children = (
				9C1C868C2777929C00F644C6 /* InstagramClone */,
				9C1C868B2777929C00F644C6 /* Products */,
				B2FEF522FF8DEC82A5948CBB /* Pods */,
				E39CD018DD88370D755351D0 /* Frameworks */,
			);
			sourceTree = "<group>";
		};
		9C1C868B2777929C00F644C6 /* Products */ = {
			isa = PBXGroup;
			children = (
				9C1C868A2777929C00F644C6 /* InstagramClone.app */,
			);
			name = Products;
			sourceTree = "<group>";
		};
		9C1C868C2777929C00F644C6 /* InstagramClone */ = {
			isa = PBXGroup;
			children = (
				9CFB20FA277857DD0092C5CB /* Resources */,
				9CFB20F52778576C0092C5CB /* Managers */,
				9CFB20F7277857930092C5CB /* ModelViews */,
				9CFB20F62778577E0092C5CB /* Models */,
				9CFB20F8277857AC0092C5CB /* Views */,
				9CFB20F9277857B60092C5CB /* Controllers */,
				9C1C869B2777929D00F644C6 /* Info.plist */,
			);
			path = InstagramClone;
			sourceTree = "<group>";
		};
		9CFB20F52778576C0092C5CB /* Managers */ = {
			isa = PBXGroup;
			children = (
				9CFB211B277864A80092C5CB /* AuthManager.swift */,
				9CFB211D277864C70092C5CB /* DatabaseManager.swift */,
				9CFB211F277864D90092C5CB /* StorageManager.swift */,
				9CFB2121277865020092C5CB /* HapticsManager.swift */,
				9CFB2123277865220092C5CB /* AnalyticsManager.swift */,
			);
			path = Managers;
			sourceTree = "<group>";
		};
		9CFB20F62778577E0092C5CB /* Models */ = {
			isa = PBXGroup;
			children = (
				9CFB2113277864510092C5CB /* User.swift */,
				9CFB2115277864620092C5CB /* Post.swift */,
				9CFB2117277864770092C5CB /* Relationship.swift */,
				9CFB2119277864900092C5CB /* Notification.swift */,
			);
			path = Models;
			sourceTree = "<group>";
		};
		9CFB20F7277857930092C5CB /* ModelViews */ = {
			isa = PBXGroup;
			children = (
			);
			path = ModelViews;
			sourceTree = "<group>";
		};
		9CFB20F8277857AC0092C5CB /* Views */ = {
			isa = PBXGroup;
			children = (
				9C1C86982777929D00F644C6 /* LaunchScreen.storyboard */,
				9C3E65542779BB8300451479 /* SigninHeaderView.swift */,
				9C3E6558277B194E00451479 /* InstagramTextField.swift */,
				9C3E655A277B2DC600451479 /* InstagramButton.swift */,
			);
			path = Views;
			sourceTree = "<group>";
		};
		9CFB20F9277857B60092C5CB /* Controllers */ = {
			isa = PBXGroup;
			children = (
				9CFB2106277863860092C5CB /* Others */,
				9CFB20FB277862480092C5CB /* Core */,
			);
			path = Controllers;
			sourceTree = "<group>";
		};
		9CFB20FA277857DD0092C5CB /* Resources */ = {
			isa = PBXGroup;
			children = (
				9CFB212527786A7F0092C5CB /* GoogleService-Info.plist */,
				9C1C86962777929D00F644C6 /* Assets.xcassets */,
				9C1C868D2777929C00F644C6 /* AppDelegate.swift */,
				9C1C868F2777929C00F644C6 /* SceneDelegate.swift */,
				9C3E65562779BD1500451479 /* Extensions.swift */,
			);
			path = Resources;
			sourceTree = "<group>";
		};
		9CFB20FB277862480092C5CB /* Core */ = {
			isa = PBXGroup;
			children = (
				9C1C86912777929C00F644C6 /* HomeViewController.swift */,
				9CFB20FC277862720092C5CB /* ExploreViewController.swift */,
				9CFB20FE277862B00092C5CB /* CameraViewController.swift */,
				9CFB2100277862D90092C5CB /* NotificationsViewController.swift */,
				9CFB2102277862E70092C5CB /* ProfileViewController.swift */,
				9CFB21042778637D0092C5CB /* TabBarViewController.swift */,
			);
			path = Core;
			sourceTree = "<group>";
		};
		9CFB2106277863860092C5CB /* Others */ = {
			isa = PBXGroup;
			children = (
				9CFB2107277863B50092C5CB /* SigninViewController.swift */,
				9CFB2109277863CE0092C5CB /* SignupViewController.swift */,
				9CFB210B277863FA0092C5CB /* CaptionViewController.swift */,
				9CFB210D2778641A0092C5CB /* ListViewController.swift */,
				9CFB210F277864230092C5CB /* PostViewController.swift */,
				9CFB2111277864350092C5CB /* SettingsViewController.swift */,
			);
			path = Others;
			sourceTree = "<group>";
		};
		B2FEF522FF8DEC82A5948CBB /* Pods */ = {
			isa = PBXGroup;
			children = (
				4E4DCA226D44B14E0FADAA5A /* Pods-InstagramClone.debug.xcconfig */,
				18AEA247DCF536D95875BA17 /* Pods-InstagramClone.release.xcconfig */,
			);
			path = Pods;
			sourceTree = "<group>";
		};
		E39CD018DD88370D755351D0 /* Frameworks */ = {
			isa = PBXGroup;
			children = (
				065D487AB04FDD30FF47CD34 /* Pods_InstagramClone.framework */,
			);
			name = Frameworks;
			sourceTree = "<group>";
		};
/* End PBXGroup section */

/* Begin PBXNativeTarget section */
		9C1C86892777929C00F644C6 /* InstagramClone */ = {
			isa = PBXNativeTarget;
			buildConfigurationList = 9C1C869E2777929D00F644C6 /* Build configuration list for PBXNativeTarget "InstagramClone" */;
			buildPhases = (
				C0856AD1C7618D8FD8F51594 /* [CP] Check Pods Manifest.lock */,
				9C1C86862777929C00F644C6 /* Sources */,
				9C1C86872777929C00F644C6 /* Frameworks */,
				9C1C86882777929C00F644C6 /* Resources */,
				BDAB91151364EDAE240E9008 /* [CP] Embed Pods Frameworks */,
			);
			buildRules = (
			);
			dependencies = (
			);
			name = InstagramClone;
			productName = InstagramClone;
			productReference = 9C1C868A2777929C00F644C6 /* InstagramClone.app */;
			productType = "com.apple.product-type.application";
		};
/* End PBXNativeTarget section */

/* Begin PBXProject section */
		9C1C86822777929C00F644C6 /* Project object */ = {
			isa = PBXProject;
			attributes = {
				BuildIndependentTargetsInParallel = 1;
				LastSwiftUpdateCheck = 1320;
				LastUpgradeCheck = 1320;
				TargetAttributes = {
					9C1C86892777929C00F644C6 = {
						CreatedOnToolsVersion = 13.2.1;
					};
				};
			};
			buildConfigurationList = 9C1C86852777929C00F644C6 /* Build configuration list for PBXProject "InstagramClone" */;
			compatibilityVersion = "Xcode 13.0";
			developmentRegion = en;
			hasScannedForEncodings = 0;
			knownRegions = (
				en,
				Base,
			);
			mainGroup = 9C1C86812777929C00F644C6;
			productRefGroup = 9C1C868B2777929C00F644C6 /* Products */;
			projectDirPath = "";
			projectRoot = "";
			targets = (
				9C1C86892777929C00F644C6 /* InstagramClone */,
			);
		};
/* End PBXProject section */

/* Begin PBXResourcesBuildPhase section */
		9C1C86882777929C00F644C6 /* Resources */ = {
			isa = PBXResourcesBuildPhase;
			buildActionMask = 2147483647;
			files = (
				9C1C869A2777929D00F644C6 /* LaunchScreen.storyboard in Resources */,
				9C1C86972777929D00F644C6 /* Assets.xcassets in Resources */,
				9CFB212627786A7F0092C5CB /* GoogleService-Info.plist in Resources */,
			);
			runOnlyForDeploymentPostprocessing = 0;
		};
/* End PBXResourcesBuildPhase section */

/* Begin PBXShellScriptBuildPhase section */
		BDAB91151364EDAE240E9008 /* [CP] Embed Pods Frameworks */ = {
			isa = PBXShellScriptBuildPhase;
			buildActionMask = 2147483647;
			files = (
			);
			inputFileListPaths = (
				"${PODS_ROOT}/Target Support Files/Pods-InstagramClone/Pods-InstagramClone-frameworks-${CONFIGURATION}-input-files.xcfilelist",
			);
			name = "[CP] Embed Pods Frameworks";
			outputFileListPaths = (
				"${PODS_ROOT}/Target Support Files/Pods-InstagramClone/Pods-InstagramClone-frameworks-${CONFIGURATION}-output-files.xcfilelist",
			);
			runOnlyForDeploymentPostprocessing = 0;
			shellPath = /bin/sh;
			shellScript = "\"${PODS_ROOT}/Target Support Files/Pods-InstagramClone/Pods-InstagramClone-frameworks.sh\"\n";
			showEnvVarsInLog = 0;
		};
		C0856AD1C7618D8FD8F51594 /* [CP] Check Pods Manifest.lock */ = {
			isa = PBXShellScriptBuildPhase;
			buildActionMask = 2147483647;
			files = (
			);
			inputFileListPaths = (
			);
			inputPaths = (
				"${PODS_PODFILE_DIR_PATH}/Podfile.lock",
				"${PODS_ROOT}/Manifest.lock",
			);
			name = "[CP] Check Pods Manifest.lock";
			outputFileListPaths = (
			);
			outputPaths = (
				"$(DERIVED_FILE_DIR)/Pods-InstagramClone-checkManifestLockResult.txt",
			);
			runOnlyForDeploymentPostprocessing = 0;
			shellPath = /bin/sh;
			shellScript = "diff \"${PODS_PODFILE_DIR_PATH}/Podfile.lock\" \"${PODS_ROOT}/Manifest.lock\" > /dev/null\nif [ $? != 0 ] ; then\n    # print error to STDERR\n    echo \"error: The sandbox is not in sync with the Podfile.lock. Run 'pod install' or update your CocoaPods installation.\" >&2\n    exit 1\nfi\n# This output is used by Xcode 'outputs' to avoid re-running this script phase.\necho \"SUCCESS\" > \"${SCRIPT_OUTPUT_FILE_0}\"\n";
			showEnvVarsInLog = 0;
		};
/* End PBXShellScriptBuildPhase section */

/* Begin PBXSourcesBuildPhase section */
		9C1C86862777929C00F644C6 /* Sources */ = {
			isa = PBXSourcesBuildPhase;
			buildActionMask = 2147483647;
			files = (
				9CFB210C277863FA0092C5CB /* CaptionViewController.swift in Sources */,
				9CFB2124277865220092C5CB /* AnalyticsManager.swift in Sources */,
				9CFB21052778637D0092C5CB /* TabBarViewController.swift in Sources */,
				9CFB211A277864900092C5CB /* Notification.swift in Sources */,
				9CFB210E2778641A0092C5CB /* ListViewController.swift in Sources */,
				9C3E65552779BB8300451479 /* SigninHeaderView.swift in Sources */,
				9CFB2122277865020092C5CB /* HapticsManager.swift in Sources */,
				9C3E655B277B2DC600451479 /* InstagramButton.swift in Sources */,
				9CFB2110277864230092C5CB /* PostViewController.swift in Sources */,
				9C3E6559277B194E00451479 /* InstagramTextField.swift in Sources */,
				9CFB20FD277862720092C5CB /* ExploreViewController.swift in Sources */,
				9CFB210A277863CE0092C5CB /* SignupViewController.swift in Sources */,
				9CFB20FF277862B00092C5CB /* CameraViewController.swift in Sources */,
				9CFB2120277864D90092C5CB /* StorageManager.swift in Sources */,
				9C1C86922777929C00F644C6 /* HomeViewController.swift in Sources */,
				9CFB2101277862D90092C5CB /* NotificationsViewController.swift in Sources */,
				9CFB2112277864350092C5CB /* SettingsViewController.swift in Sources */,
				9CFB2114277864510092C5CB /* User.swift in Sources */,
				9CFB211E277864C70092C5CB /* DatabaseManager.swift in Sources */,
				9CFB2118277864770092C5CB /* Relationship.swift in Sources */,
				9CFB2116277864620092C5CB /* Post.swift in Sources */,
				9CFB211C277864A80092C5CB /* AuthManager.swift in Sources */,
				9C3E65572779BD1500451479 /* Extensions.swift in Sources */,
				9CFB2103277862E70092C5CB /* ProfileViewController.swift in Sources */,
				9C1C868E2777929C00F644C6 /* AppDelegate.swift in Sources */,
				9C1C86902777929C00F644C6 /* SceneDelegate.swift in Sources */,
				9CFB2108277863B50092C5CB /* SigninViewController.swift in Sources */,
			);
			runOnlyForDeploymentPostprocessing = 0;
		};
/* End PBXSourcesBuildPhase section */

/* Begin PBXVariantGroup section */
		9C1C86982777929D00F644C6 /* LaunchScreen.storyboard */ = {
			isa = PBXVariantGroup;
			children = (
				9C1C86992777929D00F644C6 /* Base */,
			);
			name = LaunchScreen.storyboard;
			sourceTree = "<group>";
		};
/* End PBXVariantGroup section */

/* Begin XCBuildConfiguration section */
		9C1C869C2777929D00F644C6 /* Debug */ = {
			isa = XCBuildConfiguration;
			buildSettings = {
				ALWAYS_SEARCH_USER_PATHS = NO;
				CLANG_ANALYZER_NONNULL = YES;
				CLANG_ANALYZER_NUMBER_OBJECT_CONVERSION = YES_AGGRESSIVE;
				CLANG_CXX_LANGUAGE_STANDARD = "gnu++17";
				CLANG_CXX_LIBRARY = "libc++";
				CLANG_ENABLE_MODULES = YES;
				CLANG_ENABLE_OBJC_ARC = YES;
				CLANG_ENABLE_OBJC_WEAK = YES;
				CLANG_WARN_BLOCK_CAPTURE_AUTORELEASING = YES;
				CLANG_WARN_BOOL_CONVERSION = YES;
				CLANG_WARN_COMMA = YES;
				CLANG_WARN_CONSTANT_CONVERSION = YES;
				CLANG_WARN_DEPRECATED_OBJC_IMPLEMENTATIONS = YES;
				CLANG_WARN_DIRECT_OBJC_ISA_USAGE = YES_ERROR;
				CLANG_WARN_DOCUMENTATION_COMMENTS = YES;
				CLANG_WARN_EMPTY_BODY = YES;
				CLANG_WARN_ENUM_CONVERSION = YES;
				CLANG_WARN_INFINITE_RECURSION = YES;
				CLANG_WARN_INT_CONVERSION = YES;
				CLANG_WARN_NON_LITERAL_NULL_CONVERSION = YES;
				CLANG_WARN_OBJC_IMPLICIT_RETAIN_SELF = YES;
				CLANG_WARN_OBJC_LITERAL_CONVERSION = YES;
				CLANG_WARN_OBJC_ROOT_CLASS = YES_ERROR;
				CLANG_WARN_QUOTED_INCLUDE_IN_FRAMEWORK_HEADER = YES;
				CLANG_WARN_RANGE_LOOP_ANALYSIS = YES;
				CLANG_WARN_STRICT_PROTOTYPES = YES;
				CLANG_WARN_SUSPICIOUS_MOVE = YES;
				CLANG_WARN_UNGUARDED_AVAILABILITY = YES_AGGRESSIVE;
				CLANG_WARN_UNREACHABLE_CODE = YES;
				CLANG_WARN__DUPLICATE_METHOD_MATCH = YES;
				COPY_PHASE_STRIP = NO;
				DEBUG_INFORMATION_FORMAT = dwarf;
				ENABLE_STRICT_OBJC_MSGSEND = YES;
				ENABLE_TESTABILITY = YES;
				GCC_C_LANGUAGE_STANDARD = gnu11;
				GCC_DYNAMIC_NO_PIC = NO;
				GCC_NO_COMMON_BLOCKS = YES;
				GCC_OPTIMIZATION_LEVEL = 0;
				GCC_PREPROCESSOR_DEFINITIONS = (
					"DEBUG=1",
					"$(inherited)",
				);
				GCC_WARN_64_TO_32_BIT_CONVERSION = YES;
				GCC_WARN_ABOUT_RETURN_TYPE = YES_ERROR;
				GCC_WARN_UNDECLARED_SELECTOR = YES;
				GCC_WARN_UNINITIALIZED_AUTOS = YES_AGGRESSIVE;
				GCC_WARN_UNUSED_FUNCTION = YES;
				GCC_WARN_UNUSED_VARIABLE = YES;
				IPHONEOS_DEPLOYMENT_TARGET = 15.2;
				MTL_ENABLE_DEBUG_INFO = INCLUDE_SOURCE;
				MTL_FAST_MATH = YES;
				ONLY_ACTIVE_ARCH = YES;
				SDKROOT = iphoneos;
				SWIFT_ACTIVE_COMPILATION_CONDITIONS = DEBUG;
				SWIFT_OPTIMIZATION_LEVEL = "-Onone";
			};
			name = Debug;
		};
		9C1C869D2777929D00F644C6 /* Release */ = {
			isa = XCBuildConfiguration;
			buildSettings = {
				ALWAYS_SEARCH_USER_PATHS = NO;
				CLANG_ANALYZER_NONNULL = YES;
				CLANG_ANALYZER_NUMBER_OBJECT_CONVERSION = YES_AGGRESSIVE;
				CLANG_CXX_LANGUAGE_STANDARD = "gnu++17";
				CLANG_CXX_LIBRARY = "libc++";
				CLANG_ENABLE_MODULES = YES;
				CLANG_ENABLE_OBJC_ARC = YES;
				CLANG_ENABLE_OBJC_WEAK = YES;
				CLANG_WARN_BLOCK_CAPTURE_AUTORELEASING = YES;
				CLANG_WARN_BOOL_CONVERSION = YES;
				CLANG_WARN_COMMA = YES;
				CLANG_WARN_CONSTANT_CONVERSION = YES;
				CLANG_WARN_DEPRECATED_OBJC_IMPLEMENTATIONS = YES;
				CLANG_WARN_DIRECT_OBJC_ISA_USAGE = YES_ERROR;
				CLANG_WARN_DOCUMENTATION_COMMENTS = YES;
				CLANG_WARN_EMPTY_BODY = YES;
				CLANG_WARN_ENUM_CONVERSION = YES;
				CLANG_WARN_INFINITE_RECURSION = YES;
				CLANG_WARN_INT_CONVERSION = YES;
				CLANG_WARN_NON_LITERAL_NULL_CONVERSION = YES;
				CLANG_WARN_OBJC_IMPLICIT_RETAIN_SELF = YES;
				CLANG_WARN_OBJC_LITERAL_CONVERSION = YES;
				CLANG_WARN_OBJC_ROOT_CLASS = YES_ERROR;
				CLANG_WARN_QUOTED_INCLUDE_IN_FRAMEWORK_HEADER = YES;
				CLANG_WARN_RANGE_LOOP_ANALYSIS = YES;
				CLANG_WARN_STRICT_PROTOTYPES = YES;
				CLANG_WARN_SUSPICIOUS_MOVE = YES;
				CLANG_WARN_UNGUARDED_AVAILABILITY = YES_AGGRESSIVE;
				CLANG_WARN_UNREACHABLE_CODE = YES;
				CLANG_WARN__DUPLICATE_METHOD_MATCH = YES;
				COPY_PHASE_STRIP = NO;
				DEBUG_INFORMATION_FORMAT = "dwarf-with-dsym";
				ENABLE_NS_ASSERTIONS = NO;
				ENABLE_STRICT_OBJC_MSGSEND = YES;
				GCC_C_LANGUAGE_STANDARD = gnu11;
				GCC_NO_COMMON_BLOCKS = YES;
				GCC_WARN_64_TO_32_BIT_CONVERSION = YES;
				GCC_WARN_ABOUT_RETURN_TYPE = YES_ERROR;
				GCC_WARN_UNDECLARED_SELECTOR = YES;
				GCC_WARN_UNINITIALIZED_AUTOS = YES_AGGRESSIVE;
				GCC_WARN_UNUSED_FUNCTION = YES;
				GCC_WARN_UNUSED_VARIABLE = YES;
				IPHONEOS_DEPLOYMENT_TARGET = 15.2;
				MTL_ENABLE_DEBUG_INFO = NO;
				MTL_FAST_MATH = YES;
				SDKROOT = iphoneos;
				SWIFT_COMPILATION_MODE = wholemodule;
				SWIFT_OPTIMIZATION_LEVEL = "-O";
				VALIDATE_PRODUCT = YES;
			};
			name = Release;
		};
		9C1C869F2777929D00F644C6 /* Debug */ = {
			isa = XCBuildConfiguration;
			baseConfigurationReference = 4E4DCA226D44B14E0FADAA5A /* Pods-InstagramClone.debug.xcconfig */;
			buildSettings = {
				ASSETCATALOG_COMPILER_APPICON_NAME = AppIcon;
				ASSETCATALOG_COMPILER_GLOBAL_ACCENT_COLOR_NAME = AccentColor;
				CODE_SIGN_STYLE = Automatic;
				CURRENT_PROJECT_VERSION = 1;
				GENERATE_INFOPLIST_FILE = YES;
				INFOPLIST_FILE = InstagramClone/Info.plist;
				INFOPLIST_KEY_CFBundleDisplayName = Instagram;
				INFOPLIST_KEY_UIApplicationSupportsIndirectInputEvents = YES;
				INFOPLIST_KEY_UILaunchStoryboardName = LaunchScreen;
				INFOPLIST_KEY_UISupportedInterfaceOrientations = UIInterfaceOrientationPortrait;
				INFOPLIST_KEY_UISupportedInterfaceOrientations_iPad = "UIInterfaceOrientationPortrait UIInterfaceOrientationPortraitUpsideDown UIInterfaceOrientationLandscapeLeft UIInterfaceOrientationLandscapeRight";
				INFOPLIST_KEY_UISupportedInterfaceOrientations_iPhone = "UIInterfaceOrientationPortrait UIInterfaceOrientationLandscapeLeft UIInterfaceOrientationLandscapeRight";
				IPHONEOS_DEPLOYMENT_TARGET = 13.0;
				LD_RUNPATH_SEARCH_PATHS = (
					"$(inherited)",
					"@executable_path/Frameworks",
				);
				MARKETING_VERSION = 1.0;
				PRODUCT_BUNDLE_IDENTIFIER = bg.digitals.InstagramClone;
				PRODUCT_NAME = "$(TARGET_NAME)";
				SWIFT_EMIT_LOC_STRINGS = YES;
				SWIFT_VERSION = 5.0;
				TARGETED_DEVICE_FAMILY = 1;
			};
			name = Debug;
		};
		9C1C86A02777929D00F644C6 /* Release */ = {
			isa = XCBuildConfiguration;
			baseConfigurationReference = 18AEA247DCF536D95875BA17 /* Pods-InstagramClone.release.xcconfig */;
			buildSettings = {
				ASSETCATALOG_COMPILER_APPICON_NAME = AppIcon;
				ASSETCATALOG_COMPILER_GLOBAL_ACCENT_COLOR_NAME = AccentColor;
				CODE_SIGN_STYLE = Automatic;
				CURRENT_PROJECT_VERSION = 1;
				GENERATE_INFOPLIST_FILE = YES;
				INFOPLIST_FILE = InstagramClone/Info.plist;
				INFOPLIST_KEY_CFBundleDisplayName = Instagram;
				INFOPLIST_KEY_UIApplicationSupportsIndirectInputEvents = YES;
				INFOPLIST_KEY_UILaunchStoryboardName = LaunchScreen;
				INFOPLIST_KEY_UISupportedInterfaceOrientations = UIInterfaceOrientationPortrait;
				INFOPLIST_KEY_UISupportedInterfaceOrientations_iPad = "UIInterfaceOrientationPortrait UIInterfaceOrientationPortraitUpsideDown UIInterfaceOrientationLandscapeLeft UIInterfaceOrientationLandscapeRight";
				INFOPLIST_KEY_UISupportedInterfaceOrientations_iPhone = "UIInterfaceOrientationPortrait UIInterfaceOrientationLandscapeLeft UIInterfaceOrientationLandscapeRight";
				IPHONEOS_DEPLOYMENT_TARGET = 13.0;
				LD_RUNPATH_SEARCH_PATHS = (
					"$(inherited)",
					"@executable_path/Frameworks",
				);
				MARKETING_VERSION = 1.0;
				PRODUCT_BUNDLE_IDENTIFIER = bg.digitals.InstagramClone;
				PRODUCT_NAME = "$(TARGET_NAME)";
				SWIFT_EMIT_LOC_STRINGS = YES;
				SWIFT_VERSION = 5.0;
				TARGETED_DEVICE_FAMILY = 1;
			};
			name = Release;
		};
/* End XCBuildConfiguration section */

/* Begin XCConfigurationList section */
		9C1C86852777929C00F644C6 /* Build configuration list for PBXProject "InstagramClone" */ = {
			isa = XCConfigurationList;
			buildConfigurations = (
				9C1C869C2777929D00F644C6 /* Debug */,
				9C1C869D2777929D00F644C6 /* Release */,
			);
			defaultConfigurationIsVisible = 0;
			defaultConfigurationName = Release;
		};
		9C1C869E2777929D00F644C6 /* Build configuration list for PBXNativeTarget "InstagramClone" */ = {
			isa = XCConfigurationList;
			buildConfigurations = (
				9C1C869F2777929D00F644C6 /* Debug */,
				9C1C86A02777929D00F644C6 /* Release */,
			);
			defaultConfigurationIsVisible = 0;
			defaultConfigurationName = Release;
		};
/* End XCConfigurationList section */
	};
	rootObject = 9C1C86822777929C00F644C6 /* Project object */;
}
